{
  "object": {
    "pins": [
      {
        "package": "GWFoundation",
        "repositoryURL": "https://github.com/ByCyril/GWFoundation.git",
        "state": {
          "branch": null,
          "revision": "717b46a76c706af7fe15c35851459603880e95f6",
          "version": "1.1.13"
        }
      },
      {
        "package": "Lottie",
        "repositoryURL": "https://github.com/airbnb/lottie-ios.git",
        "state": {
          "branch": null,
          "revision": "e02e82c7c1b472e85e641a7624e99c855e21add1",
          "version": "3.1.9"
        }
      }
    ]
  },
  "version": 1
}
