{
  "object": {
    "pins": [
      {
        "package": "GWFoundation",
        "repositoryURL": "https://github.com/ByCyril/GWFoundation.git",
        "state": {
          "branch": null,
          "revision": "f89950c07bad0e1b4855107d253a5588396a744e",
          "version": "1.1.12"
        }
      },
      {
        "package": "Lottie",
        "repositoryURL": "https://github.com/airbnb/lottie-ios.git",
        "state": {
          "branch": null,
          "revision": "e02e82c7c1b472e85e641a7624e99c855e21add1",
          "version": "3.1.9"
        }
      }
    ]
  },
  "version": 1
}
