{
  "object": {
    "pins": [
      {
        "package": "GWFoundation",
        "repositoryURL": "https://github.com/ByCyril/GWFoundation.git",
        "state": {
          "branch": null,
          "revision": "bf20525a8060e90406b6208b44746b3ce5489cbf",
          "version": "1.2.4"
        }
      },
      {
        "package": "Lottie",
        "repositoryURL": "https://github.com/airbnb/lottie-ios.git",
        "state": {
          "branch": null,
          "revision": "e02e82c7c1b472e85e641a7624e99c855e21add1",
          "version": "3.1.9"
        }
      },
      {
        "package": "SwiftUILib-WrapStack",
        "repositoryURL": "https://github.com/swiftuilib/wrap-stack",
        "state": {
          "branch": null,
          "revision": "e3e29313dd9860a74d65f2f3b98a6c84c9b5a9d8",
          "version": "1.0.0"
        }
      }
    ]
  },
  "version": 1
}
