// !$*UTF8*$!
{
	archiveVersion = 1;
	classes = {
	};
	objectVersion = 52;
	objects = {

/* Begin PBXBuildFile section */
		0100D7D424CE1A8200C9F9B5 /* AppDelegate.swift in Sources */ = {isa = PBXBuildFile; fileRef = 0100D7D324CE1A8200C9F9B5 /* AppDelegate.swift */; };
		0100D7D624CE1A8200C9F9B5 /* SceneDelegate.swift in Sources */ = {isa = PBXBuildFile; fileRef = 0100D7D524CE1A8200C9F9B5 /* SceneDelegate.swift */; };
		0100D7D824CE1A8200C9F9B5 /* MainViewController.swift in Sources */ = {isa = PBXBuildFile; fileRef = 0100D7D724CE1A8200C9F9B5 /* MainViewController.swift */; };
		0100D7DD24CE1A8300C9F9B5 /* Assets.xcassets in Resources */ = {isa = PBXBuildFile; fileRef = 0100D7DC24CE1A8300C9F9B5 /* Assets.xcassets */; };
		0100D7E024CE1A8300C9F9B5 /* LaunchScreen.storyboard in Resources */ = {isa = PBXBuildFile; fileRef = 0100D7DE24CE1A8300C9F9B5 /* LaunchScreen.storyboard */; };
		0100D7EB24CE1A8300C9F9B5 /* GeekWeather_3Tests.swift in Sources */ = {isa = PBXBuildFile; fileRef = 0100D7EA24CE1A8300C9F9B5 /* GeekWeather_3Tests.swift */; };
		0100D80224CE46A200C9F9B5 /* NotificationNames.swift in Sources */ = {isa = PBXBuildFile; fileRef = 0100D80124CE46A200C9F9B5 /* NotificationNames.swift */; };
		0100D80824CE4F9400C9F9B5 /* NotificationManager.swift in Sources */ = {isa = PBXBuildFile; fileRef = 0100D80724CE4F9400C9F9B5 /* NotificationManager.swift */; };
		0103B82C259311A2008577FD /* DetailsView.swift in Sources */ = {isa = PBXBuildFile; fileRef = 0103B82B259311A2008577FD /* DetailsView.swift */; };
		0103B840259449E7008577FD /* WidgetKit.framework in Frameworks */ = {isa = PBXBuildFile; fileRef = 0103B83F259449E7008577FD /* WidgetKit.framework */; };
		0103B842259449E7008577FD /* SwiftUI.framework in Frameworks */ = {isa = PBXBuildFile; fileRef = 0103B841259449E7008577FD /* SwiftUI.framework */; };
		0103B845259449E7008577FD /* GeekWeatherWidget.swift in Sources */ = {isa = PBXBuildFile; fileRef = 0103B844259449E7008577FD /* GeekWeatherWidget.swift */; };
		0103B847259449E9008577FD /* Assets.xcassets in Resources */ = {isa = PBXBuildFile; fileRef = 0103B846259449E9008577FD /* Assets.xcassets */; };
		0103B84B259449E9008577FD /* GeekWeatherWidgetExtension.appex in Embed App Extensions */ = {isa = PBXBuildFile; fileRef = 0103B83E259449E7008577FD /* GeekWeatherWidgetExtension.appex */; settings = {ATTRIBUTES = (RemoveHeadersOnCopy, ); }; };
		0103B85425944A2A008577FD /* GWFoundation in Frameworks */ = {isa = PBXBuildFile; productRef = 0103B85325944A2A008577FD /* GWFoundation */; };
		0103B85D25944B6F008577FD /* WeatherEntry.swift in Sources */ = {isa = PBXBuildFile; fileRef = 0103B85725944B59008577FD /* WeatherEntry.swift */; };
		0103B86825944F07008577FD /* TodayViewTimelineProvider.swift in Sources */ = {isa = PBXBuildFile; fileRef = 0103B86425944F03008577FD /* TodayViewTimelineProvider.swift */; };
		0103B87F25952D51008577FD /* TodayViewSmall.swift in Sources */ = {isa = PBXBuildFile; fileRef = 0103B86D259526AE008577FD /* TodayViewSmall.swift */; };
		0103B8872595311D008577FD /* Assets.xcassets in Resources */ = {isa = PBXBuildFile; fileRef = 0100D7DC24CE1A8300C9F9B5 /* Assets.xcassets */; };
		0103B88F2595522D008577FD /* Mocks.swift in Sources */ = {isa = PBXBuildFile; fileRef = 0146C05924F787D000967A37 /* Mocks.swift */; };
		0103B8922595524C008577FD /* NotificationNames.swift in Sources */ = {isa = PBXBuildFile; fileRef = 0100D80124CE46A200C9F9B5 /* NotificationNames.swift */; };
		0103B8932595524C008577FD /* NotificationManager.swift in Sources */ = {isa = PBXBuildFile; fileRef = 0100D80724CE4F9400C9F9B5 /* NotificationManager.swift */; };
		0103B89A25955EA5008577FD /* WidgetNetworkManager.swift in Sources */ = {isa = PBXBuildFile; fileRef = 0103B89625955B25008577FD /* WidgetNetworkManager.swift */; };
		01042C2A24EC8AB00090B349 /* SettingsController.swift in Sources */ = {isa = PBXBuildFile; fileRef = 01042C2924EC8AB00090B349 /* SettingsController.swift */; };
		01042C2C24EC8FCF0090B349 /* SettingsTableViewCell.swift in Sources */ = {isa = PBXBuildFile; fileRef = 01042C2B24EC8FCF0090B349 /* SettingsTableViewCell.swift */; };
		01042C2F24ECDF510090B349 /* SettingItem.swift in Sources */ = {isa = PBXBuildFile; fileRef = 01042C2E24ECDF510090B349 /* SettingItem.swift */; };
		01042C3124ECDF660090B349 /* AboutSettingItem.swift in Sources */ = {isa = PBXBuildFile; fileRef = 01042C3024ECDF660090B349 /* AboutSettingItem.swift */; };
		01042C3324ECDF850090B349 /* AppIconSettingItem.swift in Sources */ = {isa = PBXBuildFile; fileRef = 01042C3224ECDF850090B349 /* AppIconSettingItem.swift */; };
		010F7DB8259C129C00D53BFA /* GWFont.swift in Sources */ = {isa = PBXBuildFile; fileRef = 0127D14D2597D72200298ABD /* GWFont.swift */; };
		010F7DCE259C44DF00D53BFA /* ResetNumberCalls.swift in Sources */ = {isa = PBXBuildFile; fileRef = 010F7DCD259C44DF00D53BFA /* ResetNumberCalls.swift */; };
		011908C3259D34F400EE1C0F /* GWTest.swift in Sources */ = {isa = PBXBuildFile; fileRef = 011908C2259D34F400EE1C0F /* GWTest.swift */; };
		0119098E259D891B00EE1C0F /* HapticManager.swift in Sources */ = {isa = PBXBuildFile; fileRef = 0119098D259D891B00EE1C0F /* HapticManager.swift */; };
		01190992259D8BEA00EE1C0F /* Settings.storyboard in Resources */ = {isa = PBXBuildFile; fileRef = 01190991259D8BEA00EE1C0F /* Settings.storyboard */; };
		01190996259D8C7B00EE1C0F /* StoryboardManager.swift in Sources */ = {isa = PBXBuildFile; fileRef = 01190995259D8C7B00EE1C0F /* StoryboardManager.swift */; };
		0119099A259D8CDC00EE1C0F /* HapticFeedbackController.swift in Sources */ = {isa = PBXBuildFile; fileRef = 01190999259D8CDC00EE1C0F /* HapticFeedbackController.swift */; };
		0127D10F2595735C00298ABD /* GeekWeatherWidgetEntryView.swift in Sources */ = {isa = PBXBuildFile; fileRef = 0103B8A425957249008577FD /* GeekWeatherWidgetEntryView.swift */; };
		0127D118259573CF00298ABD /* TodayViewMedium.swift in Sources */ = {isa = PBXBuildFile; fileRef = 0127D1142595736F00298ABD /* TodayViewMedium.swift */; };
		0127D14E2597D72200298ABD /* GWFont.swift in Sources */ = {isa = PBXBuildFile; fileRef = 0127D14D2597D72200298ABD /* GWFont.swift */; };
		0127D15C2597F55D00298ABD /* AppIconSelectionController.swift in Sources */ = {isa = PBXBuildFile; fileRef = 0127D15B2597F55D00298ABD /* AppIconSelectionController.swift */; };
		012D3AE1259FEDC60093ED51 /* SharedUserDefaults.swift in Sources */ = {isa = PBXBuildFile; fileRef = 012D3AE0259FEDC60093ED51 /* SharedUserDefaults.swift */; };
		012D3AE2259FEDC70093ED51 /* SharedUserDefaults.swift in Sources */ = {isa = PBXBuildFile; fileRef = 012D3AE0259FEDC60093ED51 /* SharedUserDefaults.swift */; };
		012D3AF825A019760093ED51 /* TodayViewLarge.swift in Sources */ = {isa = PBXBuildFile; fileRef = 012D3AF625A019760093ED51 /* TodayViewLarge.swift */; };
		012D3B0125A037E10093ED51 /* demo.json in Resources */ = {isa = PBXBuildFile; fileRef = 01FCE337258B21E200C841C8 /* demo.json */; };
		012D3B1E25A0427C0093ED51 /* preview.json in Resources */ = {isa = PBXBuildFile; fileRef = 012D3B1D25A0427C0093ED51 /* preview.json */; };
		012D3B1F25A0427C0093ED51 /* preview.json in Resources */ = {isa = PBXBuildFile; fileRef = 012D3B1D25A0427C0093ED51 /* preview.json */; };
		01385A5925A19B9A0017406D /* LayerOneView.swift in Sources */ = {isa = PBXBuildFile; fileRef = 01385A5825A19B9A0017406D /* LayerOneView.swift */; };
		01385A5D25A1A2E40017406D /* LayerTwoView.swift in Sources */ = {isa = PBXBuildFile; fileRef = 01385A5C25A1A2E40017406D /* LayerTwoView.swift */; };
		01385A6325A1A94A0017406D /* LayerThree.swift in Sources */ = {isa = PBXBuildFile; fileRef = 01385A6225A1A94A0017406D /* LayerThree.swift */; };
		0141EB8224F19C3F0018D09F /* LevelThreeViewController.swift in Sources */ = {isa = PBXBuildFile; fileRef = 0141EB8124F19C3F0018D09F /* LevelThreeViewController.swift */; };
		01430F31259B1EFA00D67245 /* ToggleOnboarding.swift in Sources */ = {isa = PBXBuildFile; fileRef = 01430F30259B1EFA00D67245 /* ToggleOnboarding.swift */; };
		01430F37259BF4DB00D67245 /* Model.xcdatamodeld in Sources */ = {isa = PBXBuildFile; fileRef = 01430F35259BF4DB00D67245 /* Model.xcdatamodeld */; };
		01430F3E259BF58400D67245 /* PersistenceManager.swift in Sources */ = {isa = PBXBuildFile; fileRef = 01430F3D259BF58400D67245 /* PersistenceManager.swift */; };
		01430F42259BFCD100D67245 /* DeleteAllSearchItems.swift in Sources */ = {isa = PBXBuildFile; fileRef = 01430F41259BFCD100D67245 /* DeleteAllSearchItems.swift */; };
		0146C05A24F787D000967A37 /* Mocks.swift in Sources */ = {isa = PBXBuildFile; fileRef = 0146C05924F787D000967A37 /* Mocks.swift */; };
		014D2A3A24D3F6090038623E /* LocationManager.swift in Sources */ = {isa = PBXBuildFile; fileRef = 014D2A3924D3F6090038623E /* LocationManager.swift */; };
		0153693425174D580044D108 /* GWTransition.swift in Sources */ = {isa = PBXBuildFile; fileRef = 0153693325174D580044D108 /* GWTransition.swift */; };
		0157E8E3259144270026706D /* denied.json in Resources */ = {isa = PBXBuildFile; fileRef = 0157E8E0259144270026706D /* denied.json */; };
		0158D02A2505DF0C008692DC /* SearchLocationViewController.swift in Sources */ = {isa = PBXBuildFile; fileRef = 0158D0292505DF0C008692DC /* SearchLocationViewController.swift */; };
		0158D0312505E3ED008692DC /* SavedLocationViewController.swift in Sources */ = {isa = PBXBuildFile; fileRef = 0158D0302505E3ED008692DC /* SavedLocationViewController.swift */; };
		0169434124E244B2006A7FAA /* BaseView.swift in Sources */ = {isa = PBXBuildFile; fileRef = 0169434024E244B2006A7FAA /* BaseView.swift */; };
		017B9F0E25930A4A007AB956 /* DeveloperController.swift in Sources */ = {isa = PBXBuildFile; fileRef = 017B9F0D25930A4A007AB956 /* DeveloperController.swift */; };
		018079CA258DB3B200C88E0E /* NavigationView.swift in Sources */ = {isa = PBXBuildFile; fileRef = 018079C9258DB3B200C88E0E /* NavigationView.swift */; };
		018079CF258DBE5A00C88E0E /* RollableTitleView.swift in Sources */ = {isa = PBXBuildFile; fileRef = 018079CE258DBE5A00C88E0E /* RollableTitleView.swift */; };
		01844A1624F22113000B0D52 /* Main.storyboard in Resources */ = {isa = PBXBuildFile; fileRef = 01844A1524F22113000B0D52 /* Main.storyboard */; };
		01844A1824F2219F000B0D52 /* LevelOneViewController.xib in Resources */ = {isa = PBXBuildFile; fileRef = 01844A1724F2219F000B0D52 /* LevelOneViewController.xib */; };
		01844A1C24F22646000B0D52 /* LevelTwoViewController.xib in Resources */ = {isa = PBXBuildFile; fileRef = 01844A1B24F22646000B0D52 /* LevelTwoViewController.xib */; };
		01844A1F24F226B5000B0D52 /* LevelThreeViewController.xib in Resources */ = {isa = PBXBuildFile; fileRef = 01844A1E24F226B5000B0D52 /* LevelThreeViewController.xib */; };
		0185665B24D767050035BF59 /* AccessibilityFactory.swift in Sources */ = {isa = PBXBuildFile; fileRef = 0185665A24D767050035BF59 /* AccessibilityFactory.swift */; };
		0185666124D774FE0035BF59 /* GWFoundation in Frameworks */ = {isa = PBXBuildFile; productRef = 0185666024D774FE0035BF59 /* GWFoundation */; };
		018818CB258F23FB009EE9EE /* LevelThreeTableViewCell.xib in Resources */ = {isa = PBXBuildFile; fileRef = 018818CA258F23FB009EE9EE /* LevelThreeTableViewCell.xib */; };
		018840DD258C391C00CED4F1 /* Lottie in Frameworks */ = {isa = PBXBuildFile; productRef = 018840DC258C391C00CED4F1 /* Lottie */; };
		018840E1258C39D600CED4F1 /* GWAnimationView.swift in Sources */ = {isa = PBXBuildFile; fileRef = 018840E0258C39D600CED4F1 /* GWAnimationView.swift */; };
		018840E8258C3DE400CED4F1 /* loader.json in Resources */ = {isa = PBXBuildFile; fileRef = 018840E7258C3DE400CED4F1 /* loader.json */; };
		0197FB5325913AA6000C4640 /* ErrorViewController.swift in Sources */ = {isa = PBXBuildFile; fileRef = 0197FB5225913AA6000C4640 /* ErrorViewController.swift */; };
		01B1BEB424ED9B050081C90F /* DeveloperInfoItem.swift in Sources */ = {isa = PBXBuildFile; fileRef = 01B1BEB324ED9B050081C90F /* DeveloperInfoItem.swift */; };
		01B1BEB824EDBE520081C90F /* SettingManager.swift in Sources */ = {isa = PBXBuildFile; fileRef = 01B1BEB724EDBE520081C90F /* SettingManager.swift */; };
		01B1BEBB24EE319C0081C90F /* UnitSelectorCell.swift in Sources */ = {isa = PBXBuildFile; fileRef = 01B1BEBA24EE319C0081C90F /* UnitSelectorCell.swift */; };
		01B1BEBD24EE33320081C90F /* UnitSelectorItem.swift in Sources */ = {isa = PBXBuildFile; fileRef = 01B1BEBC24EE33320081C90F /* UnitSelectorItem.swift */; };
		01B1BEBF24EE34740081C90F /* WeatherDataInfoItem.swift in Sources */ = {isa = PBXBuildFile; fileRef = 01B1BEBE24EE34740081C90F /* WeatherDataInfoItem.swift */; };
		01B1BEC124EE36310081C90F /* PrivacyPolicyInfoItem.swift in Sources */ = {isa = PBXBuildFile; fileRef = 01B1BEC024EE36310081C90F /* PrivacyPolicyInfoItem.swift */; };
		01B1BEC424EF95920081C90F /* LevelOneViewController.swift in Sources */ = {isa = PBXBuildFile; fileRef = 01B1BEC324EF95920081C90F /* LevelOneViewController.swift */; };
		01B1BEED24EFA0040081C90F /* LevelTwoViewController.swift in Sources */ = {isa = PBXBuildFile; fileRef = 01B1BEEC24EFA0040081C90F /* LevelTwoViewController.swift */; };
		01B1BEF124EFA9A10081C90F /* Array+Extension.swift in Sources */ = {isa = PBXBuildFile; fileRef = 01B1BEF024EFA9A10081C90F /* Array+Extension.swift */; };
		01B1BEF324EFAD500081C90F /* View+Extension.swift in Sources */ = {isa = PBXBuildFile; fileRef = 01B1BEF224EFAD500081C90F /* View+Extension.swift */; };
		01B9487C259A654400884150 /* LevelTwoHourlyViewCell.swift in Sources */ = {isa = PBXBuildFile; fileRef = 01B9487B259A654400884150 /* LevelTwoHourlyViewCell.swift */; };
		01B94880259A687200884150 /* LevelTwoDailyViewCell.swift in Sources */ = {isa = PBXBuildFile; fileRef = 01B9487F259A687200884150 /* LevelTwoDailyViewCell.swift */; };
		01BE6C85259ACCCE000016CA /* OnboardingViewControllerLevelOne.swift in Sources */ = {isa = PBXBuildFile; fileRef = 01BE6C84259ACCCE000016CA /* OnboardingViewControllerLevelOne.swift */; };
		01BE6C9F259AD6DC000016CA /* OnboardingViewControllerLevelTwo.swift in Sources */ = {isa = PBXBuildFile; fileRef = 01BE6C9E259AD6DC000016CA /* OnboardingViewControllerLevelTwo.swift */; };
		01BE6CA8259ADE2E000016CA /* OnboardingViewControllerLevelThree.swift in Sources */ = {isa = PBXBuildFile; fileRef = 01BE6CA7259ADE2E000016CA /* OnboardingViewControllerLevelThree.swift */; };
		01BE6CAC259AE99D000016CA /* OnboardingViewControllerLevelFour.swift in Sources */ = {isa = PBXBuildFile; fileRef = 01BE6CAB259AE99D000016CA /* OnboardingViewControllerLevelFour.swift */; };
		01BE6CC1259B1C40000016CA /* ToggleMockedResponse.swift in Sources */ = {isa = PBXBuildFile; fileRef = 01BE6CC0259B1C40000016CA /* ToggleMockedResponse.swift */; };
		01D0081E259EDB5100032D17 /* FormatSettingsController.swift in Sources */ = {isa = PBXBuildFile; fileRef = 01D0081D259EDB5100032D17 /* FormatSettingsController.swift */; };
		01D00822259EE28E00032D17 /* Doouble+Extension.swift in Sources */ = {isa = PBXBuildFile; fileRef = 01D00821259EE28E00032D17 /* Doouble+Extension.swift */; };
		01E3B56C259EE9130099F212 /* Doouble+Extension.swift in Sources */ = {isa = PBXBuildFile; fileRef = 01D00821259EE28E00032D17 /* Doouble+Extension.swift */; };
		01E65B2024F19D9400D8F76F /* ChangeUnitController.swift in Sources */ = {isa = PBXBuildFile; fileRef = 01E65B1F24F19D9400D8F76F /* ChangeUnitController.swift */; };
		01F431DC259E288600B0D44F /* OnboardingBaseViewController.swift in Sources */ = {isa = PBXBuildFile; fileRef = 01F431DB259E288600B0D44F /* OnboardingBaseViewController.swift */; };
		01F431EE259E76A300B0D44F /* SystemSettingsController.swift in Sources */ = {isa = PBXBuildFile; fileRef = 01F431ED259E76A300B0D44F /* SystemSettingsController.swift */; };
		01F4CD2525A067AE00A52971 /* iPad.storyboard in Resources */ = {isa = PBXBuildFile; fileRef = 01F4CD2425A067AE00A52971 /* iPad.storyboard */; };
		01F4CD2D25A119EE00A52971 /* MainPadController.swift in Sources */ = {isa = PBXBuildFile; fileRef = 01F4CD2C25A119EE00A52971 /* MainPadController.swift */; };
		01F4CD3B25A16D5900A52971 /* DetailsViewModal.swift in Sources */ = {isa = PBXBuildFile; fileRef = 01F4CD3A25A16D5900A52971 /* DetailsViewModal.swift */; };
		01FCE338258B21E200C841C8 /* demo.json in Resources */ = {isa = PBXBuildFile; fileRef = 01FCE337258B21E200C841C8 /* demo.json */; };
		CFBD38EB0C18677448B8E58B /* Pods_GeekWeather_3Tests.framework in Frameworks */ = {isa = PBXBuildFile; fileRef = 6603F886DADE4EC37E1E3758 /* Pods_GeekWeather_3Tests.framework */; };
		E3302AE93113182ABB9234F7 /* Pods_GeekWeather_3.framework in Frameworks */ = {isa = PBXBuildFile; fileRef = 826CCA41E772C9C5286D7281 /* Pods_GeekWeather_3.framework */; };
/* End PBXBuildFile section */

/* Begin PBXContainerItemProxy section */
		0100D7E724CE1A8300C9F9B5 /* PBXContainerItemProxy */ = {
			isa = PBXContainerItemProxy;
			containerPortal = 0100D7C824CE1A8100C9F9B5 /* Project object */;
			proxyType = 1;
			remoteGlobalIDString = 0100D7CF24CE1A8200C9F9B5;
			remoteInfo = "GeekWeather 3";
		};
		0103B849259449E9008577FD /* PBXContainerItemProxy */ = {
			isa = PBXContainerItemProxy;
			containerPortal = 0100D7C824CE1A8100C9F9B5 /* Project object */;
			proxyType = 1;
			remoteGlobalIDString = 0103B83D259449E7008577FD;
			remoteInfo = GeekWeatherWidgetExtension;
		};
/* End PBXContainerItemProxy section */

/* Begin PBXCopyFilesBuildPhase section */
		0103B84D259449E9008577FD /* Embed App Extensions */ = {
			isa = PBXCopyFilesBuildPhase;
			buildActionMask = 2147483647;
			dstPath = "";
			dstSubfolderSpec = 13;
			files = (
				0103B84B259449E9008577FD /* GeekWeatherWidgetExtension.appex in Embed App Extensions */,
			);
			name = "Embed App Extensions";
			runOnlyForDeploymentPostprocessing = 0;
		};
		014D2A3624D3F2AE0038623E /* Embed Frameworks */ = {
			isa = PBXCopyFilesBuildPhase;
			buildActionMask = 2147483647;
			dstPath = "";
			dstSubfolderSpec = 10;
			files = (
			);
			name = "Embed Frameworks";
			runOnlyForDeploymentPostprocessing = 0;
		};
/* End PBXCopyFilesBuildPhase section */

/* Begin PBXFileReference section */
		0100D7D024CE1A8200C9F9B5 /* GeekWeather.app */ = {isa = PBXFileReference; explicitFileType = wrapper.application; includeInIndex = 0; path = GeekWeather.app; sourceTree = BUILT_PRODUCTS_DIR; };
		0100D7D324CE1A8200C9F9B5 /* AppDelegate.swift */ = {isa = PBXFileReference; lastKnownFileType = sourcecode.swift; path = AppDelegate.swift; sourceTree = "<group>"; };
		0100D7D524CE1A8200C9F9B5 /* SceneDelegate.swift */ = {isa = PBXFileReference; lastKnownFileType = sourcecode.swift; path = SceneDelegate.swift; sourceTree = "<group>"; };
		0100D7D724CE1A8200C9F9B5 /* MainViewController.swift */ = {isa = PBXFileReference; lastKnownFileType = sourcecode.swift; path = MainViewController.swift; sourceTree = "<group>"; };
		0100D7DC24CE1A8300C9F9B5 /* Assets.xcassets */ = {isa = PBXFileReference; lastKnownFileType = folder.assetcatalog; path = Assets.xcassets; sourceTree = "<group>"; };
		0100D7DF24CE1A8300C9F9B5 /* Base */ = {isa = PBXFileReference; lastKnownFileType = file.storyboard; name = Base; path = Base.lproj/LaunchScreen.storyboard; sourceTree = "<group>"; };
		0100D7E124CE1A8300C9F9B5 /* Info.plist */ = {isa = PBXFileReference; lastKnownFileType = text.plist.xml; path = Info.plist; sourceTree = "<group>"; };
		0100D7E624CE1A8300C9F9B5 /* GeekWeather 3Tests.xctest */ = {isa = PBXFileReference; explicitFileType = wrapper.cfbundle; includeInIndex = 0; path = "GeekWeather 3Tests.xctest"; sourceTree = BUILT_PRODUCTS_DIR; };
		0100D7EA24CE1A8300C9F9B5 /* GeekWeather_3Tests.swift */ = {isa = PBXFileReference; lastKnownFileType = sourcecode.swift; path = GeekWeather_3Tests.swift; sourceTree = "<group>"; };
		0100D7EC24CE1A8300C9F9B5 /* Info.plist */ = {isa = PBXFileReference; lastKnownFileType = text.plist.xml; path = Info.plist; sourceTree = "<group>"; };
		0100D80124CE46A200C9F9B5 /* NotificationNames.swift */ = {isa = PBXFileReference; lastKnownFileType = sourcecode.swift; path = NotificationNames.swift; sourceTree = "<group>"; };
		0100D80724CE4F9400C9F9B5 /* NotificationManager.swift */ = {isa = PBXFileReference; lastKnownFileType = sourcecode.swift; path = NotificationManager.swift; sourceTree = "<group>"; };
		0103B82B259311A2008577FD /* DetailsView.swift */ = {isa = PBXFileReference; lastKnownFileType = sourcecode.swift; path = DetailsView.swift; sourceTree = "<group>"; };
		0103B83E259449E7008577FD /* GeekWeatherWidgetExtension.appex */ = {isa = PBXFileReference; explicitFileType = "wrapper.app-extension"; includeInIndex = 0; path = GeekWeatherWidgetExtension.appex; sourceTree = BUILT_PRODUCTS_DIR; };
		0103B83F259449E7008577FD /* WidgetKit.framework */ = {isa = PBXFileReference; lastKnownFileType = wrapper.framework; name = WidgetKit.framework; path = System/Library/Frameworks/WidgetKit.framework; sourceTree = SDKROOT; };
		0103B841259449E7008577FD /* SwiftUI.framework */ = {isa = PBXFileReference; lastKnownFileType = wrapper.framework; name = SwiftUI.framework; path = System/Library/Frameworks/SwiftUI.framework; sourceTree = SDKROOT; };
		0103B844259449E7008577FD /* GeekWeatherWidget.swift */ = {isa = PBXFileReference; lastKnownFileType = sourcecode.swift; path = GeekWeatherWidget.swift; sourceTree = "<group>"; };
		0103B846259449E9008577FD /* Assets.xcassets */ = {isa = PBXFileReference; lastKnownFileType = folder.assetcatalog; path = Assets.xcassets; sourceTree = "<group>"; };
		0103B848259449E9008577FD /* Info.plist */ = {isa = PBXFileReference; lastKnownFileType = text.plist.xml; path = Info.plist; sourceTree = "<group>"; };
		0103B84C259449E9008577FD /* GeekWeatherWidgetExtension.entitlements */ = {isa = PBXFileReference; lastKnownFileType = text.plist.entitlements; path = GeekWeatherWidgetExtension.entitlements; sourceTree = "<group>"; };
		0103B85725944B59008577FD /* WeatherEntry.swift */ = {isa = PBXFileReference; lastKnownFileType = sourcecode.swift; path = WeatherEntry.swift; sourceTree = "<group>"; };
		0103B86425944F03008577FD /* TodayViewTimelineProvider.swift */ = {isa = PBXFileReference; lastKnownFileType = sourcecode.swift; path = TodayViewTimelineProvider.swift; sourceTree = "<group>"; };
		0103B86D259526AE008577FD /* TodayViewSmall.swift */ = {isa = PBXFileReference; lastKnownFileType = sourcecode.swift; path = TodayViewSmall.swift; sourceTree = "<group>"; };
		0103B89625955B25008577FD /* WidgetNetworkManager.swift */ = {isa = PBXFileReference; lastKnownFileType = sourcecode.swift; path = WidgetNetworkManager.swift; sourceTree = "<group>"; };
		0103B8A425957249008577FD /* GeekWeatherWidgetEntryView.swift */ = {isa = PBXFileReference; lastKnownFileType = sourcecode.swift; path = GeekWeatherWidgetEntryView.swift; sourceTree = "<group>"; };
		01042C2924EC8AB00090B349 /* SettingsController.swift */ = {isa = PBXFileReference; lastKnownFileType = sourcecode.swift; path = SettingsController.swift; sourceTree = "<group>"; };
		01042C2B24EC8FCF0090B349 /* SettingsTableViewCell.swift */ = {isa = PBXFileReference; lastKnownFileType = sourcecode.swift; path = SettingsTableViewCell.swift; sourceTree = "<group>"; };
		01042C2E24ECDF510090B349 /* SettingItem.swift */ = {isa = PBXFileReference; lastKnownFileType = sourcecode.swift; path = SettingItem.swift; sourceTree = "<group>"; };
		01042C3024ECDF660090B349 /* AboutSettingItem.swift */ = {isa = PBXFileReference; lastKnownFileType = sourcecode.swift; path = AboutSettingItem.swift; sourceTree = "<group>"; };
		01042C3224ECDF850090B349 /* AppIconSettingItem.swift */ = {isa = PBXFileReference; lastKnownFileType = sourcecode.swift; path = AppIconSettingItem.swift; sourceTree = "<group>"; };
		010F7DCD259C44DF00D53BFA /* ResetNumberCalls.swift */ = {isa = PBXFileReference; lastKnownFileType = sourcecode.swift; path = ResetNumberCalls.swift; sourceTree = "<group>"; };
		011908C2259D34F400EE1C0F /* GWTest.swift */ = {isa = PBXFileReference; lastKnownFileType = sourcecode.swift; path = GWTest.swift; sourceTree = "<group>"; };
		0119098D259D891B00EE1C0F /* HapticManager.swift */ = {isa = PBXFileReference; lastKnownFileType = sourcecode.swift; path = HapticManager.swift; sourceTree = "<group>"; };
		01190991259D8BEA00EE1C0F /* Settings.storyboard */ = {isa = PBXFileReference; lastKnownFileType = file.storyboard; path = Settings.storyboard; sourceTree = "<group>"; };
		01190995259D8C7B00EE1C0F /* StoryboardManager.swift */ = {isa = PBXFileReference; lastKnownFileType = sourcecode.swift; path = StoryboardManager.swift; sourceTree = "<group>"; };
		01190999259D8CDC00EE1C0F /* HapticFeedbackController.swift */ = {isa = PBXFileReference; lastKnownFileType = sourcecode.swift; path = HapticFeedbackController.swift; sourceTree = "<group>"; };
		0127D1142595736F00298ABD /* TodayViewMedium.swift */ = {isa = PBXFileReference; lastKnownFileType = sourcecode.swift; path = TodayViewMedium.swift; sourceTree = "<group>"; };
		0127D14D2597D72200298ABD /* GWFont.swift */ = {isa = PBXFileReference; lastKnownFileType = sourcecode.swift; path = GWFont.swift; sourceTree = "<group>"; };
		0127D15B2597F55D00298ABD /* AppIconSelectionController.swift */ = {isa = PBXFileReference; lastKnownFileType = sourcecode.swift; path = AppIconSelectionController.swift; sourceTree = "<group>"; };
		012D3AE0259FEDC60093ED51 /* SharedUserDefaults.swift */ = {isa = PBXFileReference; lastKnownFileType = sourcecode.swift; path = SharedUserDefaults.swift; sourceTree = "<group>"; };
		012D3AF625A019760093ED51 /* TodayViewLarge.swift */ = {isa = PBXFileReference; lastKnownFileType = sourcecode.swift; path = TodayViewLarge.swift; sourceTree = "<group>"; };
		012D3B1D25A0427C0093ED51 /* preview.json */ = {isa = PBXFileReference; fileEncoding = 4; lastKnownFileType = text.json; name = preview.json; path = ../../../../../Desktop/preview.json; sourceTree = "<group>"; };
		01385A5825A19B9A0017406D /* LayerOneView.swift */ = {isa = PBXFileReference; lastKnownFileType = sourcecode.swift; path = LayerOneView.swift; sourceTree = "<group>"; };
		01385A5C25A1A2E40017406D /* LayerTwoView.swift */ = {isa = PBXFileReference; lastKnownFileType = sourcecode.swift; path = LayerTwoView.swift; sourceTree = "<group>"; };
		01385A6225A1A94A0017406D /* LayerThree.swift */ = {isa = PBXFileReference; lastKnownFileType = sourcecode.swift; path = LayerThree.swift; sourceTree = "<group>"; };
		0141EB8124F19C3F0018D09F /* LevelThreeViewController.swift */ = {isa = PBXFileReference; lastKnownFileType = sourcecode.swift; path = LevelThreeViewController.swift; sourceTree = "<group>"; };
		01430F30259B1EFA00D67245 /* ToggleOnboarding.swift */ = {isa = PBXFileReference; lastKnownFileType = sourcecode.swift; path = ToggleOnboarding.swift; sourceTree = "<group>"; };
		01430F36259BF4DB00D67245 /* Model.xcdatamodel */ = {isa = PBXFileReference; lastKnownFileType = wrapper.xcdatamodel; path = Model.xcdatamodel; sourceTree = "<group>"; };
		01430F3D259BF58400D67245 /* PersistenceManager.swift */ = {isa = PBXFileReference; lastKnownFileType = sourcecode.swift; path = PersistenceManager.swift; sourceTree = "<group>"; };
		01430F41259BFCD100D67245 /* DeleteAllSearchItems.swift */ = {isa = PBXFileReference; lastKnownFileType = sourcecode.swift; path = DeleteAllSearchItems.swift; sourceTree = "<group>"; };
		0146C05924F787D000967A37 /* Mocks.swift */ = {isa = PBXFileReference; lastKnownFileType = sourcecode.swift; path = Mocks.swift; sourceTree = "<group>"; };
		014D2A3924D3F6090038623E /* LocationManager.swift */ = {isa = PBXFileReference; lastKnownFileType = sourcecode.swift; path = LocationManager.swift; sourceTree = "<group>"; };
		0153693325174D580044D108 /* GWTransition.swift */ = {isa = PBXFileReference; lastKnownFileType = sourcecode.swift; path = GWTransition.swift; sourceTree = "<group>"; };
		0157E8E0259144270026706D /* denied.json */ = {isa = PBXFileReference; fileEncoding = 4; lastKnownFileType = text.json; path = denied.json; sourceTree = "<group>"; };
		0158D0292505DF0C008692DC /* SearchLocationViewController.swift */ = {isa = PBXFileReference; lastKnownFileType = sourcecode.swift; path = SearchLocationViewController.swift; sourceTree = "<group>"; };
		0158D0302505E3ED008692DC /* SavedLocationViewController.swift */ = {isa = PBXFileReference; lastKnownFileType = sourcecode.swift; path = SavedLocationViewController.swift; sourceTree = "<group>"; };
		0169434024E244B2006A7FAA /* BaseView.swift */ = {isa = PBXFileReference; lastKnownFileType = sourcecode.swift; path = BaseView.swift; sourceTree = "<group>"; };
		0169434224E24974006A7FAA /* GeekWeather 3.entitlements */ = {isa = PBXFileReference; lastKnownFileType = text.plist.entitlements; path = "GeekWeather 3.entitlements"; sourceTree = "<group>"; };
		017B9F0D25930A4A007AB956 /* DeveloperController.swift */ = {isa = PBXFileReference; fileEncoding = 4; lastKnownFileType = sourcecode.swift; path = DeveloperController.swift; sourceTree = "<group>"; };
		018079C9258DB3B200C88E0E /* NavigationView.swift */ = {isa = PBXFileReference; lastKnownFileType = sourcecode.swift; path = NavigationView.swift; sourceTree = "<group>"; };
		018079CE258DBE5A00C88E0E /* RollableTitleView.swift */ = {isa = PBXFileReference; lastKnownFileType = sourcecode.swift; path = RollableTitleView.swift; sourceTree = "<group>"; };
		01844A1524F22113000B0D52 /* Main.storyboard */ = {isa = PBXFileReference; lastKnownFileType = file.storyboard; path = Main.storyboard; sourceTree = "<group>"; };
		01844A1724F2219F000B0D52 /* LevelOneViewController.xib */ = {isa = PBXFileReference; lastKnownFileType = file.xib; path = LevelOneViewController.xib; sourceTree = "<group>"; };
		01844A1B24F22646000B0D52 /* LevelTwoViewController.xib */ = {isa = PBXFileReference; lastKnownFileType = file.xib; path = LevelTwoViewController.xib; sourceTree = "<group>"; };
		01844A1E24F226B5000B0D52 /* LevelThreeViewController.xib */ = {isa = PBXFileReference; lastKnownFileType = file.xib; path = LevelThreeViewController.xib; sourceTree = "<group>"; };
		0185665A24D767050035BF59 /* AccessibilityFactory.swift */ = {isa = PBXFileReference; lastKnownFileType = sourcecode.swift; path = AccessibilityFactory.swift; sourceTree = "<group>"; };
		018818CA258F23FB009EE9EE /* LevelThreeTableViewCell.xib */ = {isa = PBXFileReference; lastKnownFileType = file.xib; path = LevelThreeTableViewCell.xib; sourceTree = "<group>"; };
		018840E0258C39D600CED4F1 /* GWAnimationView.swift */ = {isa = PBXFileReference; lastKnownFileType = sourcecode.swift; path = GWAnimationView.swift; sourceTree = "<group>"; };
		018840E7258C3DE400CED4F1 /* loader.json */ = {isa = PBXFileReference; fileEncoding = 4; lastKnownFileType = text.json; path = loader.json; sourceTree = "<group>"; };
		0197FB5225913AA6000C4640 /* ErrorViewController.swift */ = {isa = PBXFileReference; lastKnownFileType = sourcecode.swift; path = ErrorViewController.swift; sourceTree = "<group>"; };
		01B1BEB324ED9B050081C90F /* DeveloperInfoItem.swift */ = {isa = PBXFileReference; lastKnownFileType = sourcecode.swift; path = DeveloperInfoItem.swift; sourceTree = "<group>"; };
		01B1BEB724EDBE520081C90F /* SettingManager.swift */ = {isa = PBXFileReference; lastKnownFileType = sourcecode.swift; path = SettingManager.swift; sourceTree = "<group>"; };
		01B1BEBA24EE319C0081C90F /* UnitSelectorCell.swift */ = {isa = PBXFileReference; lastKnownFileType = sourcecode.swift; path = UnitSelectorCell.swift; sourceTree = "<group>"; };
		01B1BEBC24EE33320081C90F /* UnitSelectorItem.swift */ = {isa = PBXFileReference; lastKnownFileType = sourcecode.swift; path = UnitSelectorItem.swift; sourceTree = "<group>"; };
		01B1BEBE24EE34740081C90F /* WeatherDataInfoItem.swift */ = {isa = PBXFileReference; lastKnownFileType = sourcecode.swift; path = WeatherDataInfoItem.swift; sourceTree = "<group>"; };
		01B1BEC024EE36310081C90F /* PrivacyPolicyInfoItem.swift */ = {isa = PBXFileReference; lastKnownFileType = sourcecode.swift; path = PrivacyPolicyInfoItem.swift; sourceTree = "<group>"; };
		01B1BEC324EF95920081C90F /* LevelOneViewController.swift */ = {isa = PBXFileReference; lastKnownFileType = sourcecode.swift; path = LevelOneViewController.swift; sourceTree = "<group>"; };
		01B1BEEC24EFA0040081C90F /* LevelTwoViewController.swift */ = {isa = PBXFileReference; lastKnownFileType = sourcecode.swift; path = LevelTwoViewController.swift; sourceTree = "<group>"; };
		01B1BEF024EFA9A10081C90F /* Array+Extension.swift */ = {isa = PBXFileReference; lastKnownFileType = sourcecode.swift; path = "Array+Extension.swift"; sourceTree = "<group>"; };
		01B1BEF224EFAD500081C90F /* View+Extension.swift */ = {isa = PBXFileReference; lastKnownFileType = sourcecode.swift; path = "View+Extension.swift"; sourceTree = "<group>"; };
		01B9487B259A654400884150 /* LevelTwoHourlyViewCell.swift */ = {isa = PBXFileReference; lastKnownFileType = sourcecode.swift; path = LevelTwoHourlyViewCell.swift; sourceTree = "<group>"; };
		01B9487F259A687200884150 /* LevelTwoDailyViewCell.swift */ = {isa = PBXFileReference; lastKnownFileType = sourcecode.swift; path = LevelTwoDailyViewCell.swift; sourceTree = "<group>"; };
		01BE6C84259ACCCE000016CA /* OnboardingViewControllerLevelOne.swift */ = {isa = PBXFileReference; lastKnownFileType = sourcecode.swift; path = OnboardingViewControllerLevelOne.swift; sourceTree = "<group>"; };
		01BE6C9E259AD6DC000016CA /* OnboardingViewControllerLevelTwo.swift */ = {isa = PBXFileReference; lastKnownFileType = sourcecode.swift; path = OnboardingViewControllerLevelTwo.swift; sourceTree = "<group>"; };
		01BE6CA7259ADE2E000016CA /* OnboardingViewControllerLevelThree.swift */ = {isa = PBXFileReference; lastKnownFileType = sourcecode.swift; path = OnboardingViewControllerLevelThree.swift; sourceTree = "<group>"; };
		01BE6CAB259AE99D000016CA /* OnboardingViewControllerLevelFour.swift */ = {isa = PBXFileReference; lastKnownFileType = sourcecode.swift; path = OnboardingViewControllerLevelFour.swift; sourceTree = "<group>"; };
		01BE6CC0259B1C40000016CA /* ToggleMockedResponse.swift */ = {isa = PBXFileReference; lastKnownFileType = sourcecode.swift; path = ToggleMockedResponse.swift; sourceTree = "<group>"; };
		01D0081D259EDB5100032D17 /* FormatSettingsController.swift */ = {isa = PBXFileReference; lastKnownFileType = sourcecode.swift; path = FormatSettingsController.swift; sourceTree = "<group>"; };
		01D00821259EE28E00032D17 /* Doouble+Extension.swift */ = {isa = PBXFileReference; lastKnownFileType = sourcecode.swift; path = "Doouble+Extension.swift"; sourceTree = "<group>"; };
		01E65B1F24F19D9400D8F76F /* ChangeUnitController.swift */ = {isa = PBXFileReference; lastKnownFileType = sourcecode.swift; path = ChangeUnitController.swift; sourceTree = "<group>"; };
		01F431DB259E288600B0D44F /* OnboardingBaseViewController.swift */ = {isa = PBXFileReference; lastKnownFileType = sourcecode.swift; path = OnboardingBaseViewController.swift; sourceTree = "<group>"; };
		01F431ED259E76A300B0D44F /* SystemSettingsController.swift */ = {isa = PBXFileReference; lastKnownFileType = sourcecode.swift; path = SystemSettingsController.swift; sourceTree = "<group>"; };
		01F4CD2425A067AE00A52971 /* iPad.storyboard */ = {isa = PBXFileReference; lastKnownFileType = file.storyboard; path = iPad.storyboard; sourceTree = "<group>"; };
		01F4CD2C25A119EE00A52971 /* MainPadController.swift */ = {isa = PBXFileReference; lastKnownFileType = sourcecode.swift; path = MainPadController.swift; sourceTree = "<group>"; };
		01F4CD3A25A16D5900A52971 /* DetailsViewModal.swift */ = {isa = PBXFileReference; lastKnownFileType = sourcecode.swift; path = DetailsViewModal.swift; sourceTree = "<group>"; };
		01FCE337258B21E200C841C8 /* demo.json */ = {isa = PBXFileReference; fileEncoding = 4; lastKnownFileType = text.json; path = demo.json; sourceTree = "<group>"; };
		3AB4EFED94A002C1413075CC /* Pods-GeekWeather 3.debug.xcconfig */ = {isa = PBXFileReference; includeInIndex = 1; lastKnownFileType = text.xcconfig; name = "Pods-GeekWeather 3.debug.xcconfig"; path = "Target Support Files/Pods-GeekWeather 3/Pods-GeekWeather 3.debug.xcconfig"; sourceTree = "<group>"; };
		6603F886DADE4EC37E1E3758 /* Pods_GeekWeather_3Tests.framework */ = {isa = PBXFileReference; explicitFileType = wrapper.framework; includeInIndex = 0; path = Pods_GeekWeather_3Tests.framework; sourceTree = BUILT_PRODUCTS_DIR; };
		74D5DA3120A0022E84E9CA32 /* Pods-GeekWeather 3Tests.release.xcconfig */ = {isa = PBXFileReference; includeInIndex = 1; lastKnownFileType = text.xcconfig; name = "Pods-GeekWeather 3Tests.release.xcconfig"; path = "Target Support Files/Pods-GeekWeather 3Tests/Pods-GeekWeather 3Tests.release.xcconfig"; sourceTree = "<group>"; };
		826CCA41E772C9C5286D7281 /* Pods_GeekWeather_3.framework */ = {isa = PBXFileReference; explicitFileType = wrapper.framework; includeInIndex = 0; path = Pods_GeekWeather_3.framework; sourceTree = BUILT_PRODUCTS_DIR; };
		C3E0561BA95848315A5F5847 /* Pods-GeekWeather 3Tests.debug.xcconfig */ = {isa = PBXFileReference; includeInIndex = 1; lastKnownFileType = text.xcconfig; name = "Pods-GeekWeather 3Tests.debug.xcconfig"; path = "Target Support Files/Pods-GeekWeather 3Tests/Pods-GeekWeather 3Tests.debug.xcconfig"; sourceTree = "<group>"; };
		CEB94E7BB260E6D55B75D0D8 /* Pods-GeekWeather 3.release.xcconfig */ = {isa = PBXFileReference; includeInIndex = 1; lastKnownFileType = text.xcconfig; name = "Pods-GeekWeather 3.release.xcconfig"; path = "Target Support Files/Pods-GeekWeather 3/Pods-GeekWeather 3.release.xcconfig"; sourceTree = "<group>"; };
/* End PBXFileReference section */

/* Begin PBXFrameworksBuildPhase section */
		0100D7CD24CE1A8200C9F9B5 /* Frameworks */ = {
			isa = PBXFrameworksBuildPhase;
			buildActionMask = 2147483647;
			files = (
				0185666124D774FE0035BF59 /* GWFoundation in Frameworks */,
				018840DD258C391C00CED4F1 /* Lottie in Frameworks */,
				E3302AE93113182ABB9234F7 /* Pods_GeekWeather_3.framework in Frameworks */,
			);
			runOnlyForDeploymentPostprocessing = 0;
		};
		0100D7E324CE1A8300C9F9B5 /* Frameworks */ = {
			isa = PBXFrameworksBuildPhase;
			buildActionMask = 2147483647;
			files = (
				CFBD38EB0C18677448B8E58B /* Pods_GeekWeather_3Tests.framework in Frameworks */,
			);
			runOnlyForDeploymentPostprocessing = 0;
		};
		0103B83B259449E7008577FD /* Frameworks */ = {
			isa = PBXFrameworksBuildPhase;
			buildActionMask = 2147483647;
			files = (
				0103B842259449E7008577FD /* SwiftUI.framework in Frameworks */,
				0103B840259449E7008577FD /* WidgetKit.framework in Frameworks */,
				0103B85425944A2A008577FD /* GWFoundation in Frameworks */,
			);
			runOnlyForDeploymentPostprocessing = 0;
		};
/* End PBXFrameworksBuildPhase section */

/* Begin PBXGroup section */
		0100D7C724CE1A8100C9F9B5 = {
			isa = PBXGroup;
			children = (
				01430F35259BF4DB00D67245 /* Model.xcdatamodeld */,
				0103B84C259449E9008577FD /* GeekWeatherWidgetExtension.entitlements */,
				0100D7D224CE1A8200C9F9B5 /* GeekWeather 3 */,
				0100D7E924CE1A8300C9F9B5 /* GeekWeather 3Tests */,
				0103B843259449E7008577FD /* GeekWeatherWidget */,
				0100D7D124CE1A8200C9F9B5 /* Products */,
				5D48823778C80F07D94904C9 /* Pods */,
				9F2614160C5247F22647BA7C /* Frameworks */,
			);
			sourceTree = "<group>";
		};
		0100D7D124CE1A8200C9F9B5 /* Products */ = {
			isa = PBXGroup;
			children = (
				0100D7D024CE1A8200C9F9B5 /* GeekWeather.app */,
				0100D7E624CE1A8300C9F9B5 /* GeekWeather 3Tests.xctest */,
				0103B83E259449E7008577FD /* GeekWeatherWidgetExtension.appex */,
			);
			name = Products;
			sourceTree = "<group>";
		};
		0100D7D224CE1A8200C9F9B5 /* GeekWeather 3 */ = {
			isa = PBXGroup;
			children = (
				0169434224E24974006A7FAA /* GeekWeather 3.entitlements */,
				01FCE337258B21E200C841C8 /* demo.json */,
				018840E7258C3DE400CED4F1 /* loader.json */,
				0157E8E0259144270026706D /* denied.json */,
				012D3B1D25A0427C0093ED51 /* preview.json */,
				0100D7D324CE1A8200C9F9B5 /* AppDelegate.swift */,
				0100D7D524CE1A8200C9F9B5 /* SceneDelegate.swift */,
				012D3AE0259FEDC60093ED51 /* SharedUserDefaults.swift */,
				011908E1259D722400EE1C0F /* GWFiles */,
				011908D8259D71AB00EE1C0F /* Views */,
				0100D80924CE52AF00C9F9B5 /* Managers */,
				0100D80C24CE52E400C9F9B5 /* Controllers */,
				0100D7DC24CE1A8300C9F9B5 /* Assets.xcassets */,
				0100D7DE24CE1A8300C9F9B5 /* LaunchScreen.storyboard */,
				0100D7E124CE1A8300C9F9B5 /* Info.plist */,
			);
			path = "GeekWeather 3";
			sourceTree = "<group>";
		};
		0100D7E924CE1A8300C9F9B5 /* GeekWeather 3Tests */ = {
			isa = PBXGroup;
			children = (
				0100D7EA24CE1A8300C9F9B5 /* GeekWeather_3Tests.swift */,
				0100D7EC24CE1A8300C9F9B5 /* Info.plist */,
			);
			path = "GeekWeather 3Tests";
			sourceTree = "<group>";
		};
		0100D80924CE52AF00C9F9B5 /* Managers */ = {
			isa = PBXGroup;
			children = (
				0100D80A24CE52B600C9F9B5 /* Notification Manager */,
				014D2A3D24D3F7550038623E /* Location Manager */,
				0119098D259D891B00EE1C0F /* HapticManager.swift */,
				01190995259D8C7B00EE1C0F /* StoryboardManager.swift */,
			);
			path = Managers;
			sourceTree = "<group>";
		};
		0100D80A24CE52B600C9F9B5 /* Notification Manager */ = {
			isa = PBXGroup;
			children = (
				0100D80724CE4F9400C9F9B5 /* NotificationManager.swift */,
				0100D80124CE46A200C9F9B5 /* NotificationNames.swift */,
			);
			path = "Notification Manager";
			sourceTree = "<group>";
		};
		0100D80C24CE52E400C9F9B5 /* Controllers */ = {
			isa = PBXGroup;
			children = (
				01844A1524F22113000B0D52 /* Main.storyboard */,
				01190991259D8BEA00EE1C0F /* Settings.storyboard */,
				01F4CD2425A067AE00A52971 /* iPad.storyboard */,
				01F4CD2C25A119EE00A52971 /* MainPadController.swift */,
				01385A5825A19B9A0017406D /* LayerOneView.swift */,
				01385A5C25A1A2E40017406D /* LayerTwoView.swift */,
				01385A6225A1A94A0017406D /* LayerThree.swift */,
				011908F3259D797400EE1C0F /* DeveloperController */,
				011908EA259D726600EE1C0F /* ChangeUnitController */,
				011908D2259D718D00EE1C0F /* ErrorViewController */,
				011908D5259D719800EE1C0F /* AppIconSelectionController */,
				01430F3A259BF57500D67245 /* LocationController */,
				01BE6CAF259AEBA6000016CA /* OnboardingController */,
				01042C3424ECDFA50090B349 /* SettingsController */,
				01042C2724EC8A6A0090B349 /* Main Controller */,
				01042C2824EC8A7F0090B349 /* Levels */,
			);
			path = Controllers;
			sourceTree = "<group>";
		};
		0103B843259449E7008577FD /* GeekWeatherWidget */ = {
			isa = PBXGroup;
			children = (
				0103B844259449E7008577FD /* GeekWeatherWidget.swift */,
				0103B8A425957249008577FD /* GeekWeatherWidgetEntryView.swift */,
				0103B89625955B25008577FD /* WidgetNetworkManager.swift */,
				0103B86D259526AE008577FD /* TodayViewSmall.swift */,
				0127D1142595736F00298ABD /* TodayViewMedium.swift */,
				012D3AF625A019760093ED51 /* TodayViewLarge.swift */,
				0103B85725944B59008577FD /* WeatherEntry.swift */,
				0103B86425944F03008577FD /* TodayViewTimelineProvider.swift */,
				0103B846259449E9008577FD /* Assets.xcassets */,
				0103B848259449E9008577FD /* Info.plist */,
			);
			path = GeekWeatherWidget;
			sourceTree = "<group>";
		};
		01042C2724EC8A6A0090B349 /* Main Controller */ = {
			isa = PBXGroup;
			children = (
				0100D7D724CE1A8200C9F9B5 /* MainViewController.swift */,
			);
			path = "Main Controller";
			sourceTree = "<group>";
		};
		01042C2824EC8A7F0090B349 /* Levels */ = {
			isa = PBXGroup;
			children = (
				0169434024E244B2006A7FAA /* BaseView.swift */,
				01F4CD3A25A16D5900A52971 /* DetailsViewModal.swift */,
				01844A1A24F22633000B0D52 /* LevelOne */,
				01844A1D24F22658000B0D52 /* LevelTwo */,
				01844A2024F226B9000B0D52 /* LevelThree */,
			);
			path = Levels;
			sourceTree = "<group>";
		};
		01042C3424ECDFA50090B349 /* SettingsController */ = {
			isa = PBXGroup;
			children = (
				01042C2924EC8AB00090B349 /* SettingsController.swift */,
				01B1BEB724EDBE520081C90F /* SettingManager.swift */,
				01F431ED259E76A300B0D44F /* SystemSettingsController.swift */,
				01D0081D259EDB5100032D17 /* FormatSettingsController.swift */,
				01B1BEB924EE318A0081C90F /* SettingCells */,
				01042C3524ECDFB40090B349 /* SettingItems */,
			);
			path = SettingsController;
			sourceTree = "<group>";
		};
		01042C3524ECDFB40090B349 /* SettingItems */ = {
			isa = PBXGroup;
			children = (
				01042C2E24ECDF510090B349 /* SettingItem.swift */,
				011909A3259D8F5200EE1C0F /* App Settings */,
				011909A0259D8F4700EE1C0F /* App Info */,
				0119099D259D8F3B00EE1C0F /* Developer Tools */,
			);
			path = SettingItems;
			sourceTree = "<group>";
		};
		011908D2259D718D00EE1C0F /* ErrorViewController */ = {
			isa = PBXGroup;
			children = (
				0197FB5225913AA6000C4640 /* ErrorViewController.swift */,
			);
			path = ErrorViewController;
			sourceTree = "<group>";
		};
		011908D5259D719800EE1C0F /* AppIconSelectionController */ = {
			isa = PBXGroup;
			children = (
				0127D15B2597F55D00298ABD /* AppIconSelectionController.swift */,
			);
			path = AppIconSelectionController;
			sourceTree = "<group>";
		};
		011908D8259D71AB00EE1C0F /* Views */ = {
			isa = PBXGroup;
			children = (
				018079CE258DBE5A00C88E0E /* RollableTitleView.swift */,
				018079C9258DB3B200C88E0E /* NavigationView.swift */,
				018840E0258C39D600CED4F1 /* GWAnimationView.swift */,
				01B1BEF224EFAD500081C90F /* View+Extension.swift */,
				0185665A24D767050035BF59 /* AccessibilityFactory.swift */,
				01B1BEF024EFA9A10081C90F /* Array+Extension.swift */,
			);
			path = Views;
			sourceTree = "<group>";
		};
		011908E1259D722400EE1C0F /* GWFiles */ = {
			isa = PBXGroup;
			children = (
				0127D14D2597D72200298ABD /* GWFont.swift */,
				01D00821259EE28E00032D17 /* Doouble+Extension.swift */,
				011908C2259D34F400EE1C0F /* GWTest.swift */,
				0153693325174D580044D108 /* GWTransition.swift */,
				0146C05924F787D000967A37 /* Mocks.swift */,
			);
			path = GWFiles;
			sourceTree = "<group>";
		};
		011908EA259D726600EE1C0F /* ChangeUnitController */ = {
			isa = PBXGroup;
			children = (
				01E65B1F24F19D9400D8F76F /* ChangeUnitController.swift */,
			);
			path = ChangeUnitController;
			sourceTree = "<group>";
		};
		011908F3259D797400EE1C0F /* DeveloperController */ = {
			isa = PBXGroup;
			children = (
				017B9F0D25930A4A007AB956 /* DeveloperController.swift */,
			);
			path = DeveloperController;
			sourceTree = "<group>";
		};
		0119099D259D8F3B00EE1C0F /* Developer Tools */ = {
			isa = PBXGroup;
			children = (
				01BE6CC0259B1C40000016CA /* ToggleMockedResponse.swift */,
				010F7DCD259C44DF00D53BFA /* ResetNumberCalls.swift */,
				01430F30259B1EFA00D67245 /* ToggleOnboarding.swift */,
				01430F41259BFCD100D67245 /* DeleteAllSearchItems.swift */,
			);
			path = "Developer Tools";
			sourceTree = "<group>";
		};
		011909A0259D8F4700EE1C0F /* App Info */ = {
			isa = PBXGroup;
			children = (
				01042C3024ECDF660090B349 /* AboutSettingItem.swift */,
				01B1BEB324ED9B050081C90F /* DeveloperInfoItem.swift */,
				01B1BEBE24EE34740081C90F /* WeatherDataInfoItem.swift */,
				01B1BEC024EE36310081C90F /* PrivacyPolicyInfoItem.swift */,
			);
			path = "App Info";
			sourceTree = "<group>";
		};
		011909A3259D8F5200EE1C0F /* App Settings */ = {
			isa = PBXGroup;
			children = (
				01042C3224ECDF850090B349 /* AppIconSettingItem.swift */,
				01B1BEBC24EE33320081C90F /* UnitSelectorItem.swift */,
				01190999259D8CDC00EE1C0F /* HapticFeedbackController.swift */,
			);
			path = "App Settings";
			sourceTree = "<group>";
		};
		01430F3A259BF57500D67245 /* LocationController */ = {
			isa = PBXGroup;
			children = (
				0158D0292505DF0C008692DC /* SearchLocationViewController.swift */,
				0158D0302505E3ED008692DC /* SavedLocationViewController.swift */,
				01430F3D259BF58400D67245 /* PersistenceManager.swift */,
			);
			path = LocationController;
			sourceTree = "<group>";
		};
		014D2A3D24D3F7550038623E /* Location Manager */ = {
			isa = PBXGroup;
			children = (
				014D2A3924D3F6090038623E /* LocationManager.swift */,
			);
			path = "Location Manager";
			sourceTree = "<group>";
		};
		01844A1A24F22633000B0D52 /* LevelOne */ = {
			isa = PBXGroup;
			children = (
				01B1BEC324EF95920081C90F /* LevelOneViewController.swift */,
				01844A1724F2219F000B0D52 /* LevelOneViewController.xib */,
			);
			path = LevelOne;
			sourceTree = "<group>";
		};
		01844A1D24F22658000B0D52 /* LevelTwo */ = {
			isa = PBXGroup;
			children = (
				01B1BEEC24EFA0040081C90F /* LevelTwoViewController.swift */,
				01B9487B259A654400884150 /* LevelTwoHourlyViewCell.swift */,
				01B9487F259A687200884150 /* LevelTwoDailyViewCell.swift */,
				0103B82B259311A2008577FD /* DetailsView.swift */,
				01844A1B24F22646000B0D52 /* LevelTwoViewController.xib */,
			);
			path = LevelTwo;
			sourceTree = "<group>";
		};
		01844A2024F226B9000B0D52 /* LevelThree */ = {
			isa = PBXGroup;
			children = (
				0141EB8124F19C3F0018D09F /* LevelThreeViewController.swift */,
				01844A1E24F226B5000B0D52 /* LevelThreeViewController.xib */,
				018818CA258F23FB009EE9EE /* LevelThreeTableViewCell.xib */,
			);
			path = LevelThree;
			sourceTree = "<group>";
		};
		01B1BEB924EE318A0081C90F /* SettingCells */ = {
			isa = PBXGroup;
			children = (
				01042C2B24EC8FCF0090B349 /* SettingsTableViewCell.swift */,
				01B1BEBA24EE319C0081C90F /* UnitSelectorCell.swift */,
			);
			path = SettingCells;
			sourceTree = "<group>";
		};
		01BE6CAF259AEBA6000016CA /* OnboardingController */ = {
			isa = PBXGroup;
			children = (
				01F431DB259E288600B0D44F /* OnboardingBaseViewController.swift */,
				01BE6C84259ACCCE000016CA /* OnboardingViewControllerLevelOne.swift */,
				01BE6C9E259AD6DC000016CA /* OnboardingViewControllerLevelTwo.swift */,
				01BE6CA7259ADE2E000016CA /* OnboardingViewControllerLevelThree.swift */,
				01BE6CAB259AE99D000016CA /* OnboardingViewControllerLevelFour.swift */,
			);
			path = OnboardingController;
			sourceTree = "<group>";
		};
		5D48823778C80F07D94904C9 /* Pods */ = {
			isa = PBXGroup;
			children = (
				3AB4EFED94A002C1413075CC /* Pods-GeekWeather 3.debug.xcconfig */,
				CEB94E7BB260E6D55B75D0D8 /* Pods-GeekWeather 3.release.xcconfig */,
				C3E0561BA95848315A5F5847 /* Pods-GeekWeather 3Tests.debug.xcconfig */,
				74D5DA3120A0022E84E9CA32 /* Pods-GeekWeather 3Tests.release.xcconfig */,
			);
			path = Pods;
			sourceTree = "<group>";
		};
		9F2614160C5247F22647BA7C /* Frameworks */ = {
			isa = PBXGroup;
			children = (
				826CCA41E772C9C5286D7281 /* Pods_GeekWeather_3.framework */,
				6603F886DADE4EC37E1E3758 /* Pods_GeekWeather_3Tests.framework */,
				0103B83F259449E7008577FD /* WidgetKit.framework */,
				0103B841259449E7008577FD /* SwiftUI.framework */,
			);
			name = Frameworks;
			sourceTree = "<group>";
		};
/* End PBXGroup section */

/* Begin PBXNativeTarget section */
		0100D7CF24CE1A8200C9F9B5 /* GeekWeather 3 */ = {
			isa = PBXNativeTarget;
			buildConfigurationList = 0100D7EF24CE1A8300C9F9B5 /* Build configuration list for PBXNativeTarget "GeekWeather 3" */;
			buildPhases = (
				7E1E3A51246DA1A34EDC2131 /* [CP] Check Pods Manifest.lock */,
				0100D7CC24CE1A8200C9F9B5 /* Sources */,
				0100D7CD24CE1A8200C9F9B5 /* Frameworks */,
				0100D7CE24CE1A8200C9F9B5 /* Resources */,
				014D2A3624D3F2AE0038623E /* Embed Frameworks */,
				0103B84D259449E9008577FD /* Embed App Extensions */,
			);
			buildRules = (
			);
			dependencies = (
				0103B84A259449E9008577FD /* PBXTargetDependency */,
			);
			name = "GeekWeather 3";
			packageProductDependencies = (
				0185666024D774FE0035BF59 /* GWFoundation */,
				018840DC258C391C00CED4F1 /* Lottie */,
			);
			productName = "GeekWeather 3";
			productReference = 0100D7D024CE1A8200C9F9B5 /* GeekWeather.app */;
			productType = "com.apple.product-type.application";
		};
		0100D7E524CE1A8300C9F9B5 /* GeekWeather 3Tests */ = {
			isa = PBXNativeTarget;
			buildConfigurationList = 0100D7F224CE1A8300C9F9B5 /* Build configuration list for PBXNativeTarget "GeekWeather 3Tests" */;
			buildPhases = (
				8BBACA28F4DF2C0709DE6D09 /* [CP] Check Pods Manifest.lock */,
				0100D7E224CE1A8300C9F9B5 /* Sources */,
				0100D7E324CE1A8300C9F9B5 /* Frameworks */,
				0100D7E424CE1A8300C9F9B5 /* Resources */,
			);
			buildRules = (
			);
			dependencies = (
				0100D7E824CE1A8300C9F9B5 /* PBXTargetDependency */,
			);
			name = "GeekWeather 3Tests";
			productName = "GeekWeather 3Tests";
			productReference = 0100D7E624CE1A8300C9F9B5 /* GeekWeather 3Tests.xctest */;
			productType = "com.apple.product-type.bundle.unit-test";
		};
		0103B83D259449E7008577FD /* GeekWeatherWidgetExtension */ = {
			isa = PBXNativeTarget;
			buildConfigurationList = 0103B850259449E9008577FD /* Build configuration list for PBXNativeTarget "GeekWeatherWidgetExtension" */;
			buildPhases = (
				0103B83A259449E7008577FD /* Sources */,
				0103B83B259449E7008577FD /* Frameworks */,
				0103B83C259449E7008577FD /* Resources */,
			);
			buildRules = (
			);
			dependencies = (
			);
			name = GeekWeatherWidgetExtension;
			packageProductDependencies = (
				0103B85325944A2A008577FD /* GWFoundation */,
			);
			productName = GeekWeatherWidgetExtension;
			productReference = 0103B83E259449E7008577FD /* GeekWeatherWidgetExtension.appex */;
			productType = "com.apple.product-type.app-extension";
		};
/* End PBXNativeTarget section */

/* Begin PBXProject section */
		0100D7C824CE1A8100C9F9B5 /* Project object */ = {
			isa = PBXProject;
			attributes = {
				LastSwiftUpdateCheck = 1230;
				LastUpgradeCheck = 1160;
				ORGANIZATIONNAME = ByCyril;
				TargetAttributes = {
					0100D7CF24CE1A8200C9F9B5 = {
						CreatedOnToolsVersion = 11.6;
					};
					0100D7E524CE1A8300C9F9B5 = {
						CreatedOnToolsVersion = 11.6;
						TestTargetID = 0100D7CF24CE1A8200C9F9B5;
					};
					0103B83D259449E7008577FD = {
						CreatedOnToolsVersion = 12.3;
					};
				};
			};
			buildConfigurationList = 0100D7CB24CE1A8100C9F9B5 /* Build configuration list for PBXProject "GeekWeather 3" */;
			compatibilityVersion = "Xcode 9.3";
			developmentRegion = en;
			hasScannedForEncodings = 0;
			knownRegions = (
				en,
				Base,
			);
			mainGroup = 0100D7C724CE1A8100C9F9B5;
			packageReferences = (
				0185665F24D774FE0035BF59 /* XCRemoteSwiftPackageReference "GWFoundation" */,
				018840DB258C391C00CED4F1 /* XCRemoteSwiftPackageReference "lottie-ios" */,
			);
			productRefGroup = 0100D7D124CE1A8200C9F9B5 /* Products */;
			projectDirPath = "";
			projectRoot = "";
			targets = (
				0100D7CF24CE1A8200C9F9B5 /* GeekWeather 3 */,
				0100D7E524CE1A8300C9F9B5 /* GeekWeather 3Tests */,
				0103B83D259449E7008577FD /* GeekWeatherWidgetExtension */,
			);
		};
/* End PBXProject section */

/* Begin PBXResourcesBuildPhase section */
		0100D7CE24CE1A8200C9F9B5 /* Resources */ = {
			isa = PBXResourcesBuildPhase;
			buildActionMask = 2147483647;
			files = (
				018818CB258F23FB009EE9EE /* LevelThreeTableViewCell.xib in Resources */,
				01844A1F24F226B5000B0D52 /* LevelThreeViewController.xib in Resources */,
				01190992259D8BEA00EE1C0F /* Settings.storyboard in Resources */,
				01844A1C24F22646000B0D52 /* LevelTwoViewController.xib in Resources */,
				018840E8258C3DE400CED4F1 /* loader.json in Resources */,
				01844A1824F2219F000B0D52 /* LevelOneViewController.xib in Resources */,
				0100D7E024CE1A8300C9F9B5 /* LaunchScreen.storyboard in Resources */,
				01844A1624F22113000B0D52 /* Main.storyboard in Resources */,
				0157E8E3259144270026706D /* denied.json in Resources */,
				01F4CD2525A067AE00A52971 /* iPad.storyboard in Resources */,
				0100D7DD24CE1A8300C9F9B5 /* Assets.xcassets in Resources */,
				012D3B1E25A0427C0093ED51 /* preview.json in Resources */,
				01FCE338258B21E200C841C8 /* demo.json in Resources */,
			);
			runOnlyForDeploymentPostprocessing = 0;
		};
		0100D7E424CE1A8300C9F9B5 /* Resources */ = {
			isa = PBXResourcesBuildPhase;
			buildActionMask = 2147483647;
			files = (
			);
			runOnlyForDeploymentPostprocessing = 0;
		};
		0103B83C259449E7008577FD /* Resources */ = {
			isa = PBXResourcesBuildPhase;
			buildActionMask = 2147483647;
			files = (
				0103B8872595311D008577FD /* Assets.xcassets in Resources */,
				012D3B0125A037E10093ED51 /* demo.json in Resources */,
				012D3B1F25A0427C0093ED51 /* preview.json in Resources */,
				0103B847259449E9008577FD /* Assets.xcassets in Resources */,
			);
			runOnlyForDeploymentPostprocessing = 0;
		};
/* End PBXResourcesBuildPhase section */

/* Begin PBXShellScriptBuildPhase section */
		7E1E3A51246DA1A34EDC2131 /* [CP] Check Pods Manifest.lock */ = {
			isa = PBXShellScriptBuildPhase;
			buildActionMask = 2147483647;
			files = (
			);
			inputFileListPaths = (
			);
			inputPaths = (
				"${PODS_PODFILE_DIR_PATH}/Podfile.lock",
				"${PODS_ROOT}/Manifest.lock",
			);
			name = "[CP] Check Pods Manifest.lock";
			outputFileListPaths = (
			);
			outputPaths = (
				"$(DERIVED_FILE_DIR)/Pods-GeekWeather 3-checkManifestLockResult.txt",
			);
			runOnlyForDeploymentPostprocessing = 0;
			shellPath = /bin/sh;
			shellScript = "diff \"${PODS_PODFILE_DIR_PATH}/Podfile.lock\" \"${PODS_ROOT}/Manifest.lock\" > /dev/null\nif [ $? != 0 ] ; then\n    # print error to STDERR\n    echo \"error: The sandbox is not in sync with the Podfile.lock. Run 'pod install' or update your CocoaPods installation.\" >&2\n    exit 1\nfi\n# This output is used by Xcode 'outputs' to avoid re-running this script phase.\necho \"SUCCESS\" > \"${SCRIPT_OUTPUT_FILE_0}\"\n";
			showEnvVarsInLog = 0;
		};
		8BBACA28F4DF2C0709DE6D09 /* [CP] Check Pods Manifest.lock */ = {
			isa = PBXShellScriptBuildPhase;
			buildActionMask = 2147483647;
			files = (
			);
			inputFileListPaths = (
			);
			inputPaths = (
				"${PODS_PODFILE_DIR_PATH}/Podfile.lock",
				"${PODS_ROOT}/Manifest.lock",
			);
			name = "[CP] Check Pods Manifest.lock";
			outputFileListPaths = (
			);
			outputPaths = (
				"$(DERIVED_FILE_DIR)/Pods-GeekWeather 3Tests-checkManifestLockResult.txt",
			);
			runOnlyForDeploymentPostprocessing = 0;
			shellPath = /bin/sh;
			shellScript = "diff \"${PODS_PODFILE_DIR_PATH}/Podfile.lock\" \"${PODS_ROOT}/Manifest.lock\" > /dev/null\nif [ $? != 0 ] ; then\n    # print error to STDERR\n    echo \"error: The sandbox is not in sync with the Podfile.lock. Run 'pod install' or update your CocoaPods installation.\" >&2\n    exit 1\nfi\n# This output is used by Xcode 'outputs' to avoid re-running this script phase.\necho \"SUCCESS\" > \"${SCRIPT_OUTPUT_FILE_0}\"\n";
			showEnvVarsInLog = 0;
		};
/* End PBXShellScriptBuildPhase section */

/* Begin PBXSourcesBuildPhase section */
		0100D7CC24CE1A8200C9F9B5 /* Sources */ = {
			isa = PBXSourcesBuildPhase;
			buildActionMask = 2147483647;
			files = (
				01BE6C85259ACCCE000016CA /* OnboardingViewControllerLevelOne.swift in Sources */,
				01042C2C24EC8FCF0090B349 /* SettingsTableViewCell.swift in Sources */,
				01190996259D8C7B00EE1C0F /* StoryboardManager.swift in Sources */,
				01B94880259A687200884150 /* LevelTwoDailyViewCell.swift in Sources */,
				01B1BEBD24EE33320081C90F /* UnitSelectorItem.swift in Sources */,
				01430F37259BF4DB00D67245 /* Model.xcdatamodeld in Sources */,
				01B1BEC424EF95920081C90F /* LevelOneViewController.swift in Sources */,
				0197FB5325913AA6000C4640 /* ErrorViewController.swift in Sources */,
				01430F42259BFCD100D67245 /* DeleteAllSearchItems.swift in Sources */,
				01BE6CAC259AE99D000016CA /* OnboardingViewControllerLevelFour.swift in Sources */,
				01B1BEED24EFA0040081C90F /* LevelTwoViewController.swift in Sources */,
				01B1BEBB24EE319C0081C90F /* UnitSelectorCell.swift in Sources */,
				01B1BEF324EFAD500081C90F /* View+Extension.swift in Sources */,
				014D2A3A24D3F6090038623E /* LocationManager.swift in Sources */,
				0146C05A24F787D000967A37 /* Mocks.swift in Sources */,
				01D0081E259EDB5100032D17 /* FormatSettingsController.swift in Sources */,
				01385A5D25A1A2E40017406D /* LayerTwoView.swift in Sources */,
				0158D02A2505DF0C008692DC /* SearchLocationViewController.swift in Sources */,
				0153693425174D580044D108 /* GWTransition.swift in Sources */,
				0119098E259D891B00EE1C0F /* HapticManager.swift in Sources */,
				0169434124E244B2006A7FAA /* BaseView.swift in Sources */,
				01B1BEB824EDBE520081C90F /* SettingManager.swift in Sources */,
				01BE6C9F259AD6DC000016CA /* OnboardingViewControllerLevelTwo.swift in Sources */,
				01042C3324ECDF850090B349 /* AppIconSettingItem.swift in Sources */,
				012D3AE1259FEDC60093ED51 /* SharedUserDefaults.swift in Sources */,
				018079CF258DBE5A00C88E0E /* RollableTitleView.swift in Sources */,
				01385A5925A19B9A0017406D /* LayerOneView.swift in Sources */,
				01F431EE259E76A300B0D44F /* SystemSettingsController.swift in Sources */,
				01042C2F24ECDF510090B349 /* SettingItem.swift in Sources */,
				0103B82C259311A2008577FD /* DetailsView.swift in Sources */,
				01E65B2024F19D9400D8F76F /* ChangeUnitController.swift in Sources */,
				0158D0312505E3ED008692DC /* SavedLocationViewController.swift in Sources */,
				01430F3E259BF58400D67245 /* PersistenceManager.swift in Sources */,
				01385A6325A1A94A0017406D /* LayerThree.swift in Sources */,
				01B1BEB424ED9B050081C90F /* DeveloperInfoItem.swift in Sources */,
				0119099A259D8CDC00EE1C0F /* HapticFeedbackController.swift in Sources */,
				018840E1258C39D600CED4F1 /* GWAnimationView.swift in Sources */,
				0127D14E2597D72200298ABD /* GWFont.swift in Sources */,
				01BE6CC1259B1C40000016CA /* ToggleMockedResponse.swift in Sources */,
				011908C3259D34F400EE1C0F /* GWTest.swift in Sources */,
				01B1BEF124EFA9A10081C90F /* Array+Extension.swift in Sources */,
				018079CA258DB3B200C88E0E /* NavigationView.swift in Sources */,
				01F4CD3B25A16D5900A52971 /* DetailsViewModal.swift in Sources */,
				0100D80824CE4F9400C9F9B5 /* NotificationManager.swift in Sources */,
				0127D15C2597F55D00298ABD /* AppIconSelectionController.swift in Sources */,
				0185665B24D767050035BF59 /* AccessibilityFactory.swift in Sources */,
				0100D7D824CE1A8200C9F9B5 /* MainViewController.swift in Sources */,
				010F7DCE259C44DF00D53BFA /* ResetNumberCalls.swift in Sources */,
				01F4CD2D25A119EE00A52971 /* MainPadController.swift in Sources */,
				0100D7D424CE1A8200C9F9B5 /* AppDelegate.swift in Sources */,
				01042C2A24EC8AB00090B349 /* SettingsController.swift in Sources */,
				0100D80224CE46A200C9F9B5 /* NotificationNames.swift in Sources */,
				0141EB8224F19C3F0018D09F /* LevelThreeViewController.swift in Sources */,
				01430F31259B1EFA00D67245 /* ToggleOnboarding.swift in Sources */,
				017B9F0E25930A4A007AB956 /* DeveloperController.swift in Sources */,
				0100D7D624CE1A8200C9F9B5 /* SceneDelegate.swift in Sources */,
				01D00822259EE28E00032D17 /* Doouble+Extension.swift in Sources */,
				01B1BEBF24EE34740081C90F /* WeatherDataInfoItem.swift in Sources */,
				01042C3124ECDF660090B349 /* AboutSettingItem.swift in Sources */,
				01F431DC259E288600B0D44F /* OnboardingBaseViewController.swift in Sources */,
				01BE6CA8259ADE2E000016CA /* OnboardingViewControllerLevelThree.swift in Sources */,
				01B9487C259A654400884150 /* LevelTwoHourlyViewCell.swift in Sources */,
				01B1BEC124EE36310081C90F /* PrivacyPolicyInfoItem.swift in Sources */,
			);
			runOnlyForDeploymentPostprocessing = 0;
		};
		0100D7E224CE1A8300C9F9B5 /* Sources */ = {
			isa = PBXSourcesBuildPhase;
			buildActionMask = 2147483647;
			files = (
				0100D7EB24CE1A8300C9F9B5 /* GeekWeather_3Tests.swift in Sources */,
			);
			runOnlyForDeploymentPostprocessing = 0;
		};
		0103B83A259449E7008577FD /* Sources */ = {
			isa = PBXSourcesBuildPhase;
			buildActionMask = 2147483647;
			files = (
				012D3AF825A019760093ED51 /* TodayViewLarge.swift in Sources */,
				0103B86825944F07008577FD /* TodayViewTimelineProvider.swift in Sources */,
				010F7DB8259C129C00D53BFA /* GWFont.swift in Sources */,
				0103B89A25955EA5008577FD /* WidgetNetworkManager.swift in Sources */,
				0103B8932595524C008577FD /* NotificationManager.swift in Sources */,
				0103B88F2595522D008577FD /* Mocks.swift in Sources */,
				0103B85D25944B6F008577FD /* WeatherEntry.swift in Sources */,
				0127D10F2595735C00298ABD /* GeekWeatherWidgetEntryView.swift in Sources */,
				0103B8922595524C008577FD /* NotificationNames.swift in Sources */,
				01E3B56C259EE9130099F212 /* Doouble+Extension.swift in Sources */,
				0103B87F25952D51008577FD /* TodayViewSmall.swift in Sources */,
				0127D118259573CF00298ABD /* TodayViewMedium.swift in Sources */,
				0103B845259449E7008577FD /* GeekWeatherWidget.swift in Sources */,
				012D3AE2259FEDC70093ED51 /* SharedUserDefaults.swift in Sources */,
			);
			runOnlyForDeploymentPostprocessing = 0;
		};
/* End PBXSourcesBuildPhase section */

/* Begin PBXTargetDependency section */
		0100D7E824CE1A8300C9F9B5 /* PBXTargetDependency */ = {
			isa = PBXTargetDependency;
			target = 0100D7CF24CE1A8200C9F9B5 /* GeekWeather 3 */;
			targetProxy = 0100D7E724CE1A8300C9F9B5 /* PBXContainerItemProxy */;
		};
		0103B84A259449E9008577FD /* PBXTargetDependency */ = {
			isa = PBXTargetDependency;
			target = 0103B83D259449E7008577FD /* GeekWeatherWidgetExtension */;
			targetProxy = 0103B849259449E9008577FD /* PBXContainerItemProxy */;
		};
/* End PBXTargetDependency section */

/* Begin PBXVariantGroup section */
		0100D7DE24CE1A8300C9F9B5 /* LaunchScreen.storyboard */ = {
			isa = PBXVariantGroup;
			children = (
				0100D7DF24CE1A8300C9F9B5 /* Base */,
			);
			name = LaunchScreen.storyboard;
			sourceTree = "<group>";
		};
/* End PBXVariantGroup section */

/* Begin XCBuildConfiguration section */
		0100D7ED24CE1A8300C9F9B5 /* Debug */ = {
			isa = XCBuildConfiguration;
			buildSettings = {
				ALWAYS_SEARCH_USER_PATHS = NO;
				CLANG_ANALYZER_NONNULL = YES;
				CLANG_ANALYZER_NUMBER_OBJECT_CONVERSION = YES_AGGRESSIVE;
				CLANG_CXX_LANGUAGE_STANDARD = "gnu++14";
				CLANG_CXX_LIBRARY = "libc++";
				CLANG_ENABLE_MODULES = YES;
				CLANG_ENABLE_OBJC_ARC = YES;
				CLANG_ENABLE_OBJC_WEAK = YES;
				CLANG_WARN_BLOCK_CAPTURE_AUTORELEASING = YES;
				CLANG_WARN_BOOL_CONVERSION = YES;
				CLANG_WARN_COMMA = YES;
				CLANG_WARN_CONSTANT_CONVERSION = YES;
				CLANG_WARN_DEPRECATED_OBJC_IMPLEMENTATIONS = YES;
				CLANG_WARN_DIRECT_OBJC_ISA_USAGE = YES_ERROR;
				CLANG_WARN_DOCUMENTATION_COMMENTS = YES;
				CLANG_WARN_EMPTY_BODY = YES;
				CLANG_WARN_ENUM_CONVERSION = YES;
				CLANG_WARN_INFINITE_RECURSION = YES;
				CLANG_WARN_INT_CONVERSION = YES;
				CLANG_WARN_NON_LITERAL_NULL_CONVERSION = YES;
				CLANG_WARN_OBJC_IMPLICIT_RETAIN_SELF = YES;
				CLANG_WARN_OBJC_LITERAL_CONVERSION = YES;
				CLANG_WARN_OBJC_ROOT_CLASS = YES_ERROR;
				CLANG_WARN_RANGE_LOOP_ANALYSIS = YES;
				CLANG_WARN_STRICT_PROTOTYPES = YES;
				CLANG_WARN_SUSPICIOUS_MOVE = YES;
				CLANG_WARN_UNGUARDED_AVAILABILITY = YES_AGGRESSIVE;
				CLANG_WARN_UNREACHABLE_CODE = YES;
				CLANG_WARN__DUPLICATE_METHOD_MATCH = YES;
				COPY_PHASE_STRIP = NO;
				DEBUG_INFORMATION_FORMAT = dwarf;
				ENABLE_STRICT_OBJC_MSGSEND = YES;
				ENABLE_TESTABILITY = YES;
				GCC_C_LANGUAGE_STANDARD = gnu11;
				GCC_DYNAMIC_NO_PIC = NO;
				GCC_NO_COMMON_BLOCKS = YES;
				GCC_OPTIMIZATION_LEVEL = 0;
				GCC_PREPROCESSOR_DEFINITIONS = (
					"DEBUG=1",
					"$(inherited)",
				);
				GCC_WARN_64_TO_32_BIT_CONVERSION = YES;
				GCC_WARN_ABOUT_RETURN_TYPE = YES_ERROR;
				GCC_WARN_UNDECLARED_SELECTOR = YES;
				GCC_WARN_UNINITIALIZED_AUTOS = YES_AGGRESSIVE;
				GCC_WARN_UNUSED_FUNCTION = YES;
				GCC_WARN_UNUSED_VARIABLE = YES;
				IPHONEOS_DEPLOYMENT_TARGET = 13.0;
				MTL_ENABLE_DEBUG_INFO = INCLUDE_SOURCE;
				MTL_FAST_MATH = YES;
				ONLY_ACTIVE_ARCH = YES;
				SDKROOT = iphoneos;
				SWIFT_ACTIVE_COMPILATION_CONDITIONS = DEBUG;
				SWIFT_OPTIMIZATION_LEVEL = "-Onone";
			};
			name = Debug;
		};
		0100D7EE24CE1A8300C9F9B5 /* Release */ = {
			isa = XCBuildConfiguration;
			buildSettings = {
				ALWAYS_SEARCH_USER_PATHS = NO;
				CLANG_ANALYZER_NONNULL = YES;
				CLANG_ANALYZER_NUMBER_OBJECT_CONVERSION = YES_AGGRESSIVE;
				CLANG_CXX_LANGUAGE_STANDARD = "gnu++14";
				CLANG_CXX_LIBRARY = "libc++";
				CLANG_ENABLE_MODULES = YES;
				CLANG_ENABLE_OBJC_ARC = YES;
				CLANG_ENABLE_OBJC_WEAK = YES;
				CLANG_WARN_BLOCK_CAPTURE_AUTORELEASING = YES;
				CLANG_WARN_BOOL_CONVERSION = YES;
				CLANG_WARN_COMMA = YES;
				CLANG_WARN_CONSTANT_CONVERSION = YES;
				CLANG_WARN_DEPRECATED_OBJC_IMPLEMENTATIONS = YES;
				CLANG_WARN_DIRECT_OBJC_ISA_USAGE = YES_ERROR;
				CLANG_WARN_DOCUMENTATION_COMMENTS = YES;
				CLANG_WARN_EMPTY_BODY = YES;
				CLANG_WARN_ENUM_CONVERSION = YES;
				CLANG_WARN_INFINITE_RECURSION = YES;
				CLANG_WARN_INT_CONVERSION = YES;
				CLANG_WARN_NON_LITERAL_NULL_CONVERSION = YES;
				CLANG_WARN_OBJC_IMPLICIT_RETAIN_SELF = YES;
				CLANG_WARN_OBJC_LITERAL_CONVERSION = YES;
				CLANG_WARN_OBJC_ROOT_CLASS = YES_ERROR;
				CLANG_WARN_RANGE_LOOP_ANALYSIS = YES;
				CLANG_WARN_STRICT_PROTOTYPES = YES;
				CLANG_WARN_SUSPICIOUS_MOVE = YES;
				CLANG_WARN_UNGUARDED_AVAILABILITY = YES_AGGRESSIVE;
				CLANG_WARN_UNREACHABLE_CODE = YES;
				CLANG_WARN__DUPLICATE_METHOD_MATCH = YES;
				COPY_PHASE_STRIP = NO;
				DEBUG_INFORMATION_FORMAT = "dwarf-with-dsym";
				ENABLE_NS_ASSERTIONS = NO;
				ENABLE_STRICT_OBJC_MSGSEND = YES;
				GCC_C_LANGUAGE_STANDARD = gnu11;
				GCC_NO_COMMON_BLOCKS = YES;
				GCC_WARN_64_TO_32_BIT_CONVERSION = YES;
				GCC_WARN_ABOUT_RETURN_TYPE = YES_ERROR;
				GCC_WARN_UNDECLARED_SELECTOR = YES;
				GCC_WARN_UNINITIALIZED_AUTOS = YES_AGGRESSIVE;
				GCC_WARN_UNUSED_FUNCTION = YES;
				GCC_WARN_UNUSED_VARIABLE = YES;
				IPHONEOS_DEPLOYMENT_TARGET = 13.0;
				MTL_ENABLE_DEBUG_INFO = NO;
				MTL_FAST_MATH = YES;
				SDKROOT = iphoneos;
				SWIFT_COMPILATION_MODE = wholemodule;
				SWIFT_OPTIMIZATION_LEVEL = "-O";
				VALIDATE_PRODUCT = YES;
			};
			name = Release;
		};
		0100D7F024CE1A8300C9F9B5 /* Debug */ = {
			isa = XCBuildConfiguration;
			baseConfigurationReference = 3AB4EFED94A002C1413075CC /* Pods-GeekWeather 3.debug.xcconfig */;
			buildSettings = {
				ALWAYS_EMBED_SWIFT_STANDARD_LIBRARIES = YES;
				ASSETCATALOG_COMPILER_APPICON_NAME = AppIcon;
				CODE_SIGN_ENTITLEMENTS = "GeekWeather 3/GeekWeather 3.entitlements";
				CODE_SIGN_STYLE = Automatic;
				CURRENT_PROJECT_VERSION = 6;
				DEVELOPMENT_TEAM = R986STKYJ7;
				INFOPLIST_FILE = "GeekWeather 3/Info.plist";
				IPHONEOS_DEPLOYMENT_TARGET = 14.0;
				LD_RUNPATH_SEARCH_PATHS = (
					"$(inherited)",
					"@executable_path/Frameworks",
				);
				MARKETING_VERSION = 3.0;
				PRODUCT_BUNDLE_IDENTIFIER = "com.ByCyril.GeekWeather-2";
				PRODUCT_NAME = GeekWeather;
				SUPPORTS_MACCATALYST = NO;
				SUPPORTS_MAC_DESIGNED_FOR_IPHONE_IPAD = NO;
				SWIFT_VERSION = 5.0;
				TARGETED_DEVICE_FAMILY = "1,2";
			};
			name = Debug;
		};
		0100D7F124CE1A8300C9F9B5 /* Release */ = {
			isa = XCBuildConfiguration;
			baseConfigurationReference = CEB94E7BB260E6D55B75D0D8 /* Pods-GeekWeather 3.release.xcconfig */;
			buildSettings = {
				ALWAYS_EMBED_SWIFT_STANDARD_LIBRARIES = YES;
				ASSETCATALOG_COMPILER_APPICON_NAME = AppIcon;
				CODE_SIGN_ENTITLEMENTS = "GeekWeather 3/GeekWeather 3.entitlements";
				CODE_SIGN_STYLE = Automatic;
				CURRENT_PROJECT_VERSION = 6;
				DEVELOPMENT_TEAM = R986STKYJ7;
				INFOPLIST_FILE = "GeekWeather 3/Info.plist";
				IPHONEOS_DEPLOYMENT_TARGET = 14.0;
				LD_RUNPATH_SEARCH_PATHS = (
					"$(inherited)",
					"@executable_path/Frameworks",
				);
				MARKETING_VERSION = 3.0;
				PRODUCT_BUNDLE_IDENTIFIER = "com.ByCyril.GeekWeather-2";
				PRODUCT_NAME = GeekWeather;
				SUPPORTS_MACCATALYST = NO;
				SUPPORTS_MAC_DESIGNED_FOR_IPHONE_IPAD = NO;
				SWIFT_VERSION = 5.0;
				TARGETED_DEVICE_FAMILY = "1,2";
			};
			name = Release;
		};
		0100D7F324CE1A8300C9F9B5 /* Debug */ = {
			isa = XCBuildConfiguration;
			baseConfigurationReference = C3E0561BA95848315A5F5847 /* Pods-GeekWeather 3Tests.debug.xcconfig */;
			buildSettings = {
				ALWAYS_EMBED_SWIFT_STANDARD_LIBRARIES = YES;
				BUNDLE_LOADER = "$(TEST_HOST)";
				CODE_SIGN_STYLE = Automatic;
				DEVELOPMENT_TEAM = R986STKYJ7;
				INFOPLIST_FILE = "GeekWeather 3Tests/Info.plist";
				IPHONEOS_DEPLOYMENT_TARGET = 13.6;
				LD_RUNPATH_SEARCH_PATHS = (
					"$(inherited)",
					"@executable_path/Frameworks",
					"@loader_path/Frameworks",
				);
				PRODUCT_BUNDLE_IDENTIFIER = "com.ByCyril.GeekWeather-3Tests";
				PRODUCT_NAME = "$(TARGET_NAME)";
				SWIFT_VERSION = 5.0;
				TARGETED_DEVICE_FAMILY = "1,2";
				TEST_HOST = "$(BUILT_PRODUCTS_DIR)/GeekWeather 3.app/GeekWeather 3";
			};
			name = Debug;
		};
		0100D7F424CE1A8300C9F9B5 /* Release */ = {
			isa = XCBuildConfiguration;
			baseConfigurationReference = 74D5DA3120A0022E84E9CA32 /* Pods-GeekWeather 3Tests.release.xcconfig */;
			buildSettings = {
				ALWAYS_EMBED_SWIFT_STANDARD_LIBRARIES = YES;
				BUNDLE_LOADER = "$(TEST_HOST)";
				CODE_SIGN_STYLE = Automatic;
				DEVELOPMENT_TEAM = R986STKYJ7;
				INFOPLIST_FILE = "GeekWeather 3Tests/Info.plist";
				IPHONEOS_DEPLOYMENT_TARGET = 13.6;
				LD_RUNPATH_SEARCH_PATHS = (
					"$(inherited)",
					"@executable_path/Frameworks",
					"@loader_path/Frameworks",
				);
				PRODUCT_BUNDLE_IDENTIFIER = "com.ByCyril.GeekWeather-3Tests";
				PRODUCT_NAME = "$(TARGET_NAME)";
				SWIFT_VERSION = 5.0;
				TARGETED_DEVICE_FAMILY = "1,2";
				TEST_HOST = "$(BUILT_PRODUCTS_DIR)/GeekWeather 3.app/GeekWeather 3";
			};
			name = Release;
		};
		0103B84E259449E9008577FD /* Debug */ = {
			isa = XCBuildConfiguration;
			buildSettings = {
				ASSETCATALOG_COMPILER_GLOBAL_ACCENT_COLOR_NAME = AccentColor;
				ASSETCATALOG_COMPILER_WIDGET_BACKGROUND_COLOR_NAME = WidgetBackground;
				CLANG_WARN_QUOTED_INCLUDE_IN_FRAMEWORK_HEADER = YES;
				CODE_SIGN_ENTITLEMENTS = GeekWeatherWidgetExtension.entitlements;
				CODE_SIGN_STYLE = Automatic;
				CURRENT_PROJECT_VERSION = 6;
				DEVELOPMENT_TEAM = R986STKYJ7;
				INFOPLIST_FILE = GeekWeatherWidget/Info.plist;
				IPHONEOS_DEPLOYMENT_TARGET = 14.0;
				LD_RUNPATH_SEARCH_PATHS = (
					"$(inherited)",
					"@executable_path/Frameworks",
					"@executable_path/../../Frameworks",
				);
				PRODUCT_BUNDLE_IDENTIFIER = "com.ByCyril.GeekWeather-2.GeekWeatherWidget";
				PRODUCT_NAME = "$(TARGET_NAME)";
				SKIP_INSTALL = YES;
				SUPPORTS_MACCATALYST = NO;
				SWIFT_VERSION = 5.0;
				TARGETED_DEVICE_FAMILY = "1,2";
			};
			name = Debug;
		};
		0103B84F259449E9008577FD /* Release */ = {
			isa = XCBuildConfiguration;
			buildSettings = {
				ASSETCATALOG_COMPILER_GLOBAL_ACCENT_COLOR_NAME = AccentColor;
				ASSETCATALOG_COMPILER_WIDGET_BACKGROUND_COLOR_NAME = WidgetBackground;
				CLANG_WARN_QUOTED_INCLUDE_IN_FRAMEWORK_HEADER = YES;
				CODE_SIGN_ENTITLEMENTS = GeekWeatherWidgetExtension.entitlements;
				CODE_SIGN_STYLE = Automatic;
				CURRENT_PROJECT_VERSION = 6;
				DEVELOPMENT_TEAM = R986STKYJ7;
				INFOPLIST_FILE = GeekWeatherWidget/Info.plist;
				IPHONEOS_DEPLOYMENT_TARGET = 14.0;
				LD_RUNPATH_SEARCH_PATHS = (
					"$(inherited)",
					"@executable_path/Frameworks",
					"@executable_path/../../Frameworks",
				);
				PRODUCT_BUNDLE_IDENTIFIER = "com.ByCyril.GeekWeather-2.GeekWeatherWidget";
				PRODUCT_NAME = "$(TARGET_NAME)";
				SKIP_INSTALL = YES;
				SUPPORTS_MACCATALYST = NO;
				SWIFT_VERSION = 5.0;
				TARGETED_DEVICE_FAMILY = "1,2";
			};
			name = Release;
		};
/* End XCBuildConfiguration section */

/* Begin XCConfigurationList section */
		0100D7CB24CE1A8100C9F9B5 /* Build configuration list for PBXProject "GeekWeather 3" */ = {
			isa = XCConfigurationList;
			buildConfigurations = (
				0100D7ED24CE1A8300C9F9B5 /* Debug */,
				0100D7EE24CE1A8300C9F9B5 /* Release */,
			);
			defaultConfigurationIsVisible = 0;
			defaultConfigurationName = Release;
		};
		0100D7EF24CE1A8300C9F9B5 /* Build configuration list for PBXNativeTarget "GeekWeather 3" */ = {
			isa = XCConfigurationList;
			buildConfigurations = (
				0100D7F024CE1A8300C9F9B5 /* Debug */,
				0100D7F124CE1A8300C9F9B5 /* Release */,
			);
			defaultConfigurationIsVisible = 0;
			defaultConfigurationName = Release;
		};
		0100D7F224CE1A8300C9F9B5 /* Build configuration list for PBXNativeTarget "GeekWeather 3Tests" */ = {
			isa = XCConfigurationList;
			buildConfigurations = (
				0100D7F324CE1A8300C9F9B5 /* Debug */,
				0100D7F424CE1A8300C9F9B5 /* Release */,
			);
			defaultConfigurationIsVisible = 0;
			defaultConfigurationName = Release;
		};
		0103B850259449E9008577FD /* Build configuration list for PBXNativeTarget "GeekWeatherWidgetExtension" */ = {
			isa = XCConfigurationList;
			buildConfigurations = (
				0103B84E259449E9008577FD /* Debug */,
				0103B84F259449E9008577FD /* Release */,
			);
			defaultConfigurationIsVisible = 0;
			defaultConfigurationName = Release;
		};
/* End XCConfigurationList section */

/* Begin XCRemoteSwiftPackageReference section */
		0185665F24D774FE0035BF59 /* XCRemoteSwiftPackageReference "GWFoundation" */ = {
			isa = XCRemoteSwiftPackageReference;
			repositoryURL = "https://github.com/ByCyril/GWFoundation.git";
			requirement = {
				kind = upToNextMajorVersion;
				minimumVersion = 1.0.1;
			};
		};
		018840DB258C391C00CED4F1 /* XCRemoteSwiftPackageReference "lottie-ios" */ = {
			isa = XCRemoteSwiftPackageReference;
			repositoryURL = "https://github.com/airbnb/lottie-ios.git";
			requirement = {
				kind = upToNextMajorVersion;
				minimumVersion = 3.1.9;
			};
		};
/* End XCRemoteSwiftPackageReference section */

/* Begin XCSwiftPackageProductDependency section */
		0103B85325944A2A008577FD /* GWFoundation */ = {
			isa = XCSwiftPackageProductDependency;
			package = 0185665F24D774FE0035BF59 /* XCRemoteSwiftPackageReference "GWFoundation" */;
			productName = GWFoundation;
		};
		0185666024D774FE0035BF59 /* GWFoundation */ = {
			isa = XCSwiftPackageProductDependency;
			package = 0185665F24D774FE0035BF59 /* XCRemoteSwiftPackageReference "GWFoundation" */;
			productName = GWFoundation;
		};
		018840DC258C391C00CED4F1 /* Lottie */ = {
			isa = XCSwiftPackageProductDependency;
			package = 018840DB258C391C00CED4F1 /* XCRemoteSwiftPackageReference "lottie-ios" */;
			productName = Lottie;
		};
/* End XCSwiftPackageProductDependency section */

/* Begin XCVersionGroup section */
		01430F35259BF4DB00D67245 /* Model.xcdatamodeld */ = {
			isa = XCVersionGroup;
			children = (
				01430F36259BF4DB00D67245 /* Model.xcdatamodel */,
			);
			currentVersion = 01430F36259BF4DB00D67245 /* Model.xcdatamodel */;
			path = Model.xcdatamodeld;
			sourceTree = "<group>";
			versionGroupType = wrapper.xcdatamodel;
		};
/* End XCVersionGroup section */
	};
	rootObject = 0100D7C824CE1A8100C9F9B5 /* Project object */;
}
