// !$*UTF8*$!
{
	archiveVersion = 1;
	classes = {
	};
	objectVersion = 52;
	objects = {

/* Begin PBXBuildFile section */
		0100D7D424CE1A8200C9F9B5 /* AppDelegate.swift in Sources */ = {isa = PBXBuildFile; fileRef = 0100D7D324CE1A8200C9F9B5 /* AppDelegate.swift */; };
		0100D7D624CE1A8200C9F9B5 /* SceneDelegate.swift in Sources */ = {isa = PBXBuildFile; fileRef = 0100D7D524CE1A8200C9F9B5 /* SceneDelegate.swift */; };
		0100D7D824CE1A8200C9F9B5 /* MainViewController.swift in Sources */ = {isa = PBXBuildFile; fileRef = 0100D7D724CE1A8200C9F9B5 /* MainViewController.swift */; };
		0100D7DD24CE1A8300C9F9B5 /* Assets.xcassets in Resources */ = {isa = PBXBuildFile; fileRef = 0100D7DC24CE1A8300C9F9B5 /* Assets.xcassets */; };
		0100D7E024CE1A8300C9F9B5 /* LaunchScreen.storyboard in Resources */ = {isa = PBXBuildFile; fileRef = 0100D7DE24CE1A8300C9F9B5 /* LaunchScreen.storyboard */; };
		0100D7EB24CE1A8300C9F9B5 /* GeekWeather_3Tests.swift in Sources */ = {isa = PBXBuildFile; fileRef = 0100D7EA24CE1A8300C9F9B5 /* GeekWeather_3Tests.swift */; };
		0100D80024CE464200C9F9B5 /* LocalizedStrings.swift in Sources */ = {isa = PBXBuildFile; fileRef = 0100D7FF24CE464200C9F9B5 /* LocalizedStrings.swift */; };
		0100D80224CE46A200C9F9B5 /* NotificationNames.swift in Sources */ = {isa = PBXBuildFile; fileRef = 0100D80124CE46A200C9F9B5 /* NotificationNames.swift */; };
		0100D80824CE4F9400C9F9B5 /* NotificationManager.swift in Sources */ = {isa = PBXBuildFile; fileRef = 0100D80724CE4F9400C9F9B5 /* NotificationManager.swift */; };
		01042C2A24EC8AB00090B349 /* SettingsController.swift in Sources */ = {isa = PBXBuildFile; fileRef = 01042C2924EC8AB00090B349 /* SettingsController.swift */; };
		01042C2C24EC8FCF0090B349 /* SettingsTableViewCell.swift in Sources */ = {isa = PBXBuildFile; fileRef = 01042C2B24EC8FCF0090B349 /* SettingsTableViewCell.swift */; };
		01042C2F24ECDF510090B349 /* SettingItem.swift in Sources */ = {isa = PBXBuildFile; fileRef = 01042C2E24ECDF510090B349 /* SettingItem.swift */; };
		01042C3124ECDF660090B349 /* AboutSettingItem.swift in Sources */ = {isa = PBXBuildFile; fileRef = 01042C3024ECDF660090B349 /* AboutSettingItem.swift */; };
		01042C3324ECDF850090B349 /* AppIconSettingItem.swift in Sources */ = {isa = PBXBuildFile; fileRef = 01042C3224ECDF850090B349 /* AppIconSettingItem.swift */; };
		0112878525147F3A00CEC05D /* MainViewCell.swift in Sources */ = {isa = PBXBuildFile; fileRef = 0112878425147F3A00CEC05D /* MainViewCell.swift */; };
		011287882514801500CEC05D /* CollectionViewManager.swift in Sources */ = {isa = PBXBuildFile; fileRef = 011287872514801500CEC05D /* CollectionViewManager.swift */; };
		0141EB8224F19C3F0018D09F /* LevelThreeViewController.swift in Sources */ = {isa = PBXBuildFile; fileRef = 0141EB8124F19C3F0018D09F /* LevelThreeViewController.swift */; };
		0146C05A24F787D000967A37 /* FeatureFlag.swift in Sources */ = {isa = PBXBuildFile; fileRef = 0146C05924F787D000967A37 /* FeatureFlag.swift */; };
		0146C05F24F788E600967A37 /* demo1.json in Resources */ = {isa = PBXBuildFile; fileRef = 0146C05E24F788E600967A37 /* demo1.json */; };
		014D2A3A24D3F6090038623E /* LocationManager.swift in Sources */ = {isa = PBXBuildFile; fileRef = 014D2A3924D3F6090038623E /* LocationManager.swift */; };
		014D2A3C24D3F64A0038623E /* Location.swift in Sources */ = {isa = PBXBuildFile; fileRef = 014D2A3B24D3F64A0038623E /* Location.swift */; };
		014D2A4324D3F94C0038623E /* LocationManagerAuthorizationStatus.swift in Sources */ = {isa = PBXBuildFile; fileRef = 014D2A4224D3F94C0038623E /* LocationManagerAuthorizationStatus.swift */; };
		0153693425174D580044D108 /* GWTransition.swift in Sources */ = {isa = PBXBuildFile; fileRef = 0153693325174D580044D108 /* GWTransition.swift */; };
		0158D02A2505DF0C008692DC /* SearchLocationViewController.swift in Sources */ = {isa = PBXBuildFile; fileRef = 0158D0292505DF0C008692DC /* SearchLocationViewController.swift */; };
		0158D0312505E3ED008692DC /* SavedLocationViewController.swift in Sources */ = {isa = PBXBuildFile; fileRef = 0158D0302505E3ED008692DC /* SavedLocationViewController.swift */; };
		0169433D24DA887B006A7FAA /* LocationManegerDelegateManager.swift in Sources */ = {isa = PBXBuildFile; fileRef = 0169433C24DA887B006A7FAA /* LocationManegerDelegateManager.swift */; };
		0169434124E244B2006A7FAA /* BaseView.swift in Sources */ = {isa = PBXBuildFile; fileRef = 0169434024E244B2006A7FAA /* BaseView.swift */; };
		016BB86424DA871700206C23 /* NetworkManagerDelegateManager.swift in Sources */ = {isa = PBXBuildFile; fileRef = 016BB86324DA871700206C23 /* NetworkManagerDelegateManager.swift */; };
		018079CA258DB3B200C88E0E /* NavigationView.swift in Sources */ = {isa = PBXBuildFile; fileRef = 018079C9258DB3B200C88E0E /* NavigationView.swift */; };
		018079CF258DBE5A00C88E0E /* RollableTitleView.swift in Sources */ = {isa = PBXBuildFile; fileRef = 018079CE258DBE5A00C88E0E /* RollableTitleView.swift */; };
		01844A1624F22113000B0D52 /* Main.storyboard in Resources */ = {isa = PBXBuildFile; fileRef = 01844A1524F22113000B0D52 /* Main.storyboard */; };
		01844A1824F2219F000B0D52 /* LevelOneViewController.xib in Resources */ = {isa = PBXBuildFile; fileRef = 01844A1724F2219F000B0D52 /* LevelOneViewController.xib */; };
		01844A1C24F22646000B0D52 /* LevelTwoViewController.xib in Resources */ = {isa = PBXBuildFile; fileRef = 01844A1B24F22646000B0D52 /* LevelTwoViewController.xib */; };
		01844A1F24F226B5000B0D52 /* LevelThreeViewController.xib in Resources */ = {isa = PBXBuildFile; fileRef = 01844A1E24F226B5000B0D52 /* LevelThreeViewController.xib */; };
		0185665B24D767050035BF59 /* AccessibilityFactory.swift in Sources */ = {isa = PBXBuildFile; fileRef = 0185665A24D767050035BF59 /* AccessibilityFactory.swift */; };
		0185666124D774FE0035BF59 /* GWFoundation in Frameworks */ = {isa = PBXBuildFile; productRef = 0185666024D774FE0035BF59 /* GWFoundation */; };
		018818CB258F23FB009EE9EE /* LevelThreeCollectionViewCell.xib in Resources */ = {isa = PBXBuildFile; fileRef = 018818CA258F23FB009EE9EE /* LevelThreeCollectionViewCell.xib */; };
		018840D9258C35C300CED4F1 /* InitialViewController.swift in Sources */ = {isa = PBXBuildFile; fileRef = 018840D8258C35C300CED4F1 /* InitialViewController.swift */; };
		018840DD258C391C00CED4F1 /* Lottie in Frameworks */ = {isa = PBXBuildFile; productRef = 018840DC258C391C00CED4F1 /* Lottie */; };
		018840E1258C39D600CED4F1 /* LoadingView.swift in Sources */ = {isa = PBXBuildFile; fileRef = 018840E0258C39D600CED4F1 /* LoadingView.swift */; };
		018840E8258C3DE400CED4F1 /* loader.json in Resources */ = {isa = PBXBuildFile; fileRef = 018840E7258C3DE400CED4F1 /* loader.json */; };
		01B1BEB424ED9B050081C90F /* DeveloperInfoItem.swift in Sources */ = {isa = PBXBuildFile; fileRef = 01B1BEB324ED9B050081C90F /* DeveloperInfoItem.swift */; };
		01B1BEB824EDBE520081C90F /* SettingManager.swift in Sources */ = {isa = PBXBuildFile; fileRef = 01B1BEB724EDBE520081C90F /* SettingManager.swift */; };
		01B1BEBB24EE319C0081C90F /* UnitSelectorCell.swift in Sources */ = {isa = PBXBuildFile; fileRef = 01B1BEBA24EE319C0081C90F /* UnitSelectorCell.swift */; };
		01B1BEBD24EE33320081C90F /* UnitSelectorItem.swift in Sources */ = {isa = PBXBuildFile; fileRef = 01B1BEBC24EE33320081C90F /* UnitSelectorItem.swift */; };
		01B1BEBF24EE34740081C90F /* WeatherDataInfoItem.swift in Sources */ = {isa = PBXBuildFile; fileRef = 01B1BEBE24EE34740081C90F /* WeatherDataInfoItem.swift */; };
		01B1BEC124EE36310081C90F /* PrivacyPolicyInfoItem.swift in Sources */ = {isa = PBXBuildFile; fileRef = 01B1BEC024EE36310081C90F /* PrivacyPolicyInfoItem.swift */; };
		01B1BEC424EF95920081C90F /* LevelOneViewController.swift in Sources */ = {isa = PBXBuildFile; fileRef = 01B1BEC324EF95920081C90F /* LevelOneViewController.swift */; };
		01B1BEE624EF9B2B0081C90F /* FlipperView.swift in Sources */ = {isa = PBXBuildFile; fileRef = 01B1BEE524EF9B2B0081C90F /* FlipperView.swift */; };
		01B1BEE824EF9BB90081C90F /* FlipperStaticView.swift in Sources */ = {isa = PBXBuildFile; fileRef = 01B1BEE724EF9BB90081C90F /* FlipperStaticView.swift */; };
		01B1BEEB24EF9F700081C90F /* FlipperAnimationLayer.swift in Sources */ = {isa = PBXBuildFile; fileRef = 01B1BEEA24EF9F700081C90F /* FlipperAnimationLayer.swift */; };
		01B1BEED24EFA0040081C90F /* LevelTwoViewController.swift in Sources */ = {isa = PBXBuildFile; fileRef = 01B1BEEC24EFA0040081C90F /* LevelTwoViewController.swift */; };
		01B1BEF124EFA9A10081C90F /* Array+Extension.swift in Sources */ = {isa = PBXBuildFile; fileRef = 01B1BEF024EFA9A10081C90F /* Array+Extension.swift */; };
		01B1BEF324EFAD500081C90F /* View+Extension.swift in Sources */ = {isa = PBXBuildFile; fileRef = 01B1BEF224EFAD500081C90F /* View+Extension.swift */; };
		01D6C1E024F31A2800DF375C /* LevelTwoCellView.xib in Resources */ = {isa = PBXBuildFile; fileRef = 01D6C1DF24F31A2800DF375C /* LevelTwoCellView.xib */; };
		01E65B2024F19D9400D8F76F /* BaseViewControllerFactory.swift in Sources */ = {isa = PBXBuildFile; fileRef = 01E65B1F24F19D9400D8F76F /* BaseViewControllerFactory.swift */; };
		01FCE338258B21E200C841C8 /* demo.json in Resources */ = {isa = PBXBuildFile; fileRef = 01FCE337258B21E200C841C8 /* demo.json */; };
		01FCE33B258B272B00C841C8 /* LevelTwoCollectionViewCell.xib in Resources */ = {isa = PBXBuildFile; fileRef = 01FCE33A258B272B00C841C8 /* LevelTwoCollectionViewCell.xib */; };
/* End PBXBuildFile section */

/* Begin PBXContainerItemProxy section */
		0100D7E724CE1A8300C9F9B5 /* PBXContainerItemProxy */ = {
			isa = PBXContainerItemProxy;
			containerPortal = 0100D7C824CE1A8100C9F9B5 /* Project object */;
			proxyType = 1;
			remoteGlobalIDString = 0100D7CF24CE1A8200C9F9B5;
			remoteInfo = "GeekWeather 3";
		};
/* End PBXContainerItemProxy section */

/* Begin PBXCopyFilesBuildPhase section */
		014D2A3624D3F2AE0038623E /* Embed Frameworks */ = {
			isa = PBXCopyFilesBuildPhase;
			buildActionMask = 2147483647;
			dstPath = "";
			dstSubfolderSpec = 10;
			files = (
			);
			name = "Embed Frameworks";
			runOnlyForDeploymentPostprocessing = 0;
		};
/* End PBXCopyFilesBuildPhase section */

/* Begin PBXFileReference section */
		0100D7D024CE1A8200C9F9B5 /* GeekWeather.app */ = {isa = PBXFileReference; explicitFileType = wrapper.application; includeInIndex = 0; path = GeekWeather.app; sourceTree = BUILT_PRODUCTS_DIR; };
		0100D7D324CE1A8200C9F9B5 /* AppDelegate.swift */ = {isa = PBXFileReference; lastKnownFileType = sourcecode.swift; path = AppDelegate.swift; sourceTree = "<group>"; };
		0100D7D524CE1A8200C9F9B5 /* SceneDelegate.swift */ = {isa = PBXFileReference; lastKnownFileType = sourcecode.swift; path = SceneDelegate.swift; sourceTree = "<group>"; };
		0100D7D724CE1A8200C9F9B5 /* MainViewController.swift */ = {isa = PBXFileReference; lastKnownFileType = sourcecode.swift; path = MainViewController.swift; sourceTree = "<group>"; };
		0100D7DC24CE1A8300C9F9B5 /* Assets.xcassets */ = {isa = PBXFileReference; lastKnownFileType = folder.assetcatalog; path = Assets.xcassets; sourceTree = "<group>"; };
		0100D7DF24CE1A8300C9F9B5 /* Base */ = {isa = PBXFileReference; lastKnownFileType = file.storyboard; name = Base; path = Base.lproj/LaunchScreen.storyboard; sourceTree = "<group>"; };
		0100D7E124CE1A8300C9F9B5 /* Info.plist */ = {isa = PBXFileReference; lastKnownFileType = text.plist.xml; path = Info.plist; sourceTree = "<group>"; };
		0100D7E624CE1A8300C9F9B5 /* GeekWeather 3Tests.xctest */ = {isa = PBXFileReference; explicitFileType = wrapper.cfbundle; includeInIndex = 0; path = "GeekWeather 3Tests.xctest"; sourceTree = BUILT_PRODUCTS_DIR; };
		0100D7EA24CE1A8300C9F9B5 /* GeekWeather_3Tests.swift */ = {isa = PBXFileReference; lastKnownFileType = sourcecode.swift; path = GeekWeather_3Tests.swift; sourceTree = "<group>"; };
		0100D7EC24CE1A8300C9F9B5 /* Info.plist */ = {isa = PBXFileReference; lastKnownFileType = text.plist.xml; path = Info.plist; sourceTree = "<group>"; };
		0100D7FF24CE464200C9F9B5 /* LocalizedStrings.swift */ = {isa = PBXFileReference; lastKnownFileType = sourcecode.swift; path = LocalizedStrings.swift; sourceTree = "<group>"; };
		0100D80124CE46A200C9F9B5 /* NotificationNames.swift */ = {isa = PBXFileReference; lastKnownFileType = sourcecode.swift; path = NotificationNames.swift; sourceTree = "<group>"; };
		0100D80724CE4F9400C9F9B5 /* NotificationManager.swift */ = {isa = PBXFileReference; lastKnownFileType = sourcecode.swift; path = NotificationManager.swift; sourceTree = "<group>"; };
		01042C2924EC8AB00090B349 /* SettingsController.swift */ = {isa = PBXFileReference; lastKnownFileType = sourcecode.swift; path = SettingsController.swift; sourceTree = "<group>"; };
		01042C2B24EC8FCF0090B349 /* SettingsTableViewCell.swift */ = {isa = PBXFileReference; lastKnownFileType = sourcecode.swift; path = SettingsTableViewCell.swift; sourceTree = "<group>"; };
		01042C2E24ECDF510090B349 /* SettingItem.swift */ = {isa = PBXFileReference; lastKnownFileType = sourcecode.swift; path = SettingItem.swift; sourceTree = "<group>"; };
		01042C3024ECDF660090B349 /* AboutSettingItem.swift */ = {isa = PBXFileReference; lastKnownFileType = sourcecode.swift; path = AboutSettingItem.swift; sourceTree = "<group>"; };
		01042C3224ECDF850090B349 /* AppIconSettingItem.swift */ = {isa = PBXFileReference; lastKnownFileType = sourcecode.swift; path = AppIconSettingItem.swift; sourceTree = "<group>"; };
		0112878425147F3A00CEC05D /* MainViewCell.swift */ = {isa = PBXFileReference; lastKnownFileType = sourcecode.swift; path = MainViewCell.swift; sourceTree = "<group>"; };
		011287872514801500CEC05D /* CollectionViewManager.swift */ = {isa = PBXFileReference; lastKnownFileType = sourcecode.swift; path = CollectionViewManager.swift; sourceTree = "<group>"; };
		0141EB8124F19C3F0018D09F /* LevelThreeViewController.swift */ = {isa = PBXFileReference; lastKnownFileType = sourcecode.swift; path = LevelThreeViewController.swift; sourceTree = "<group>"; };
		0146C05924F787D000967A37 /* FeatureFlag.swift */ = {isa = PBXFileReference; lastKnownFileType = sourcecode.swift; path = FeatureFlag.swift; sourceTree = "<group>"; };
		0146C05E24F788E600967A37 /* demo1.json */ = {isa = PBXFileReference; fileEncoding = 4; lastKnownFileType = text.json; path = demo1.json; sourceTree = "<group>"; };
		014D2A3924D3F6090038623E /* LocationManager.swift */ = {isa = PBXFileReference; lastKnownFileType = sourcecode.swift; path = LocationManager.swift; sourceTree = "<group>"; };
		014D2A3B24D3F64A0038623E /* Location.swift */ = {isa = PBXFileReference; lastKnownFileType = sourcecode.swift; path = Location.swift; sourceTree = "<group>"; };
		014D2A4224D3F94C0038623E /* LocationManagerAuthorizationStatus.swift */ = {isa = PBXFileReference; lastKnownFileType = sourcecode.swift; path = LocationManagerAuthorizationStatus.swift; sourceTree = "<group>"; };
		0153693325174D580044D108 /* GWTransition.swift */ = {isa = PBXFileReference; lastKnownFileType = sourcecode.swift; path = GWTransition.swift; sourceTree = "<group>"; };
		0158D0292505DF0C008692DC /* SearchLocationViewController.swift */ = {isa = PBXFileReference; lastKnownFileType = sourcecode.swift; path = SearchLocationViewController.swift; sourceTree = "<group>"; };
		0158D0302505E3ED008692DC /* SavedLocationViewController.swift */ = {isa = PBXFileReference; lastKnownFileType = sourcecode.swift; path = SavedLocationViewController.swift; sourceTree = "<group>"; };
		0169433C24DA887B006A7FAA /* LocationManegerDelegateManager.swift */ = {isa = PBXFileReference; lastKnownFileType = sourcecode.swift; path = LocationManegerDelegateManager.swift; sourceTree = "<group>"; };
		0169434024E244B2006A7FAA /* BaseView.swift */ = {isa = PBXFileReference; lastKnownFileType = sourcecode.swift; path = BaseView.swift; sourceTree = "<group>"; };
		0169434224E24974006A7FAA /* GeekWeather 3.entitlements */ = {isa = PBXFileReference; lastKnownFileType = text.plist.entitlements; path = "GeekWeather 3.entitlements"; sourceTree = "<group>"; };
		016BB86324DA871700206C23 /* NetworkManagerDelegateManager.swift */ = {isa = PBXFileReference; lastKnownFileType = sourcecode.swift; path = NetworkManagerDelegateManager.swift; sourceTree = "<group>"; };
		018079C9258DB3B200C88E0E /* NavigationView.swift */ = {isa = PBXFileReference; lastKnownFileType = sourcecode.swift; path = NavigationView.swift; sourceTree = "<group>"; };
		018079CE258DBE5A00C88E0E /* RollableTitleView.swift */ = {isa = PBXFileReference; lastKnownFileType = sourcecode.swift; path = RollableTitleView.swift; sourceTree = "<group>"; };
		01844A1524F22113000B0D52 /* Main.storyboard */ = {isa = PBXFileReference; lastKnownFileType = file.storyboard; path = Main.storyboard; sourceTree = "<group>"; };
		01844A1724F2219F000B0D52 /* LevelOneViewController.xib */ = {isa = PBXFileReference; lastKnownFileType = file.xib; path = LevelOneViewController.xib; sourceTree = "<group>"; };
		01844A1B24F22646000B0D52 /* LevelTwoViewController.xib */ = {isa = PBXFileReference; lastKnownFileType = file.xib; path = LevelTwoViewController.xib; sourceTree = "<group>"; };
		01844A1E24F226B5000B0D52 /* LevelThreeViewController.xib */ = {isa = PBXFileReference; lastKnownFileType = file.xib; path = LevelThreeViewController.xib; sourceTree = "<group>"; };
		0185665A24D767050035BF59 /* AccessibilityFactory.swift */ = {isa = PBXFileReference; lastKnownFileType = sourcecode.swift; path = AccessibilityFactory.swift; sourceTree = "<group>"; };
		018818CA258F23FB009EE9EE /* LevelThreeCollectionViewCell.xib */ = {isa = PBXFileReference; lastKnownFileType = file.xib; path = LevelThreeCollectionViewCell.xib; sourceTree = "<group>"; };
		018840D8258C35C300CED4F1 /* InitialViewController.swift */ = {isa = PBXFileReference; lastKnownFileType = sourcecode.swift; path = InitialViewController.swift; sourceTree = "<group>"; };
		018840E0258C39D600CED4F1 /* LoadingView.swift */ = {isa = PBXFileReference; lastKnownFileType = sourcecode.swift; path = LoadingView.swift; sourceTree = "<group>"; };
		018840E7258C3DE400CED4F1 /* loader.json */ = {isa = PBXFileReference; fileEncoding = 4; lastKnownFileType = text.json; path = loader.json; sourceTree = "<group>"; };
		01B1BEB324ED9B050081C90F /* DeveloperInfoItem.swift */ = {isa = PBXFileReference; lastKnownFileType = sourcecode.swift; path = DeveloperInfoItem.swift; sourceTree = "<group>"; };
		01B1BEB724EDBE520081C90F /* SettingManager.swift */ = {isa = PBXFileReference; lastKnownFileType = sourcecode.swift; path = SettingManager.swift; sourceTree = "<group>"; };
		01B1BEBA24EE319C0081C90F /* UnitSelectorCell.swift */ = {isa = PBXFileReference; lastKnownFileType = sourcecode.swift; path = UnitSelectorCell.swift; sourceTree = "<group>"; };
		01B1BEBC24EE33320081C90F /* UnitSelectorItem.swift */ = {isa = PBXFileReference; lastKnownFileType = sourcecode.swift; path = UnitSelectorItem.swift; sourceTree = "<group>"; };
		01B1BEBE24EE34740081C90F /* WeatherDataInfoItem.swift */ = {isa = PBXFileReference; lastKnownFileType = sourcecode.swift; path = WeatherDataInfoItem.swift; sourceTree = "<group>"; };
		01B1BEC024EE36310081C90F /* PrivacyPolicyInfoItem.swift */ = {isa = PBXFileReference; lastKnownFileType = sourcecode.swift; path = PrivacyPolicyInfoItem.swift; sourceTree = "<group>"; };
		01B1BEC324EF95920081C90F /* LevelOneViewController.swift */ = {isa = PBXFileReference; lastKnownFileType = sourcecode.swift; path = LevelOneViewController.swift; sourceTree = "<group>"; };
		01B1BEE524EF9B2B0081C90F /* FlipperView.swift */ = {isa = PBXFileReference; lastKnownFileType = sourcecode.swift; path = FlipperView.swift; sourceTree = "<group>"; };
		01B1BEE724EF9BB90081C90F /* FlipperStaticView.swift */ = {isa = PBXFileReference; lastKnownFileType = sourcecode.swift; path = FlipperStaticView.swift; sourceTree = "<group>"; };
		01B1BEEA24EF9F700081C90F /* FlipperAnimationLayer.swift */ = {isa = PBXFileReference; lastKnownFileType = sourcecode.swift; path = FlipperAnimationLayer.swift; sourceTree = "<group>"; };
		01B1BEEC24EFA0040081C90F /* LevelTwoViewController.swift */ = {isa = PBXFileReference; lastKnownFileType = sourcecode.swift; path = LevelTwoViewController.swift; sourceTree = "<group>"; };
		01B1BEF024EFA9A10081C90F /* Array+Extension.swift */ = {isa = PBXFileReference; lastKnownFileType = sourcecode.swift; path = "Array+Extension.swift"; sourceTree = "<group>"; };
		01B1BEF224EFAD500081C90F /* View+Extension.swift */ = {isa = PBXFileReference; lastKnownFileType = sourcecode.swift; path = "View+Extension.swift"; sourceTree = "<group>"; };
		01D6C1DF24F31A2800DF375C /* LevelTwoCellView.xib */ = {isa = PBXFileReference; lastKnownFileType = file.xib; path = LevelTwoCellView.xib; sourceTree = "<group>"; };
		01E65B1F24F19D9400D8F76F /* BaseViewControllerFactory.swift */ = {isa = PBXFileReference; lastKnownFileType = sourcecode.swift; path = BaseViewControllerFactory.swift; sourceTree = "<group>"; };
		01FCE337258B21E200C841C8 /* demo.json */ = {isa = PBXFileReference; fileEncoding = 4; lastKnownFileType = text.json; path = demo.json; sourceTree = "<group>"; };
		01FCE33A258B272B00C841C8 /* LevelTwoCollectionViewCell.xib */ = {isa = PBXFileReference; lastKnownFileType = file.xib; path = LevelTwoCollectionViewCell.xib; sourceTree = "<group>"; };
/* End PBXFileReference section */

/* Begin PBXFrameworksBuildPhase section */
		0100D7CD24CE1A8200C9F9B5 /* Frameworks */ = {
			isa = PBXFrameworksBuildPhase;
			buildActionMask = 2147483647;
			files = (
				0185666124D774FE0035BF59 /* GWFoundation in Frameworks */,
				018840DD258C391C00CED4F1 /* Lottie in Frameworks */,
			);
			runOnlyForDeploymentPostprocessing = 0;
		};
		0100D7E324CE1A8300C9F9B5 /* Frameworks */ = {
			isa = PBXFrameworksBuildPhase;
			buildActionMask = 2147483647;
			files = (
			);
			runOnlyForDeploymentPostprocessing = 0;
		};
/* End PBXFrameworksBuildPhase section */

/* Begin PBXGroup section */
		0100D7C724CE1A8100C9F9B5 = {
			isa = PBXGroup;
			children = (
				0100D7D224CE1A8200C9F9B5 /* GeekWeather 3 */,
				0100D7E924CE1A8300C9F9B5 /* GeekWeather 3Tests */,
				0100D7D124CE1A8200C9F9B5 /* Products */,
			);
			sourceTree = "<group>";
		};
		0100D7D124CE1A8200C9F9B5 /* Products */ = {
			isa = PBXGroup;
			children = (
				0100D7D024CE1A8200C9F9B5 /* GeekWeather.app */,
				0100D7E624CE1A8300C9F9B5 /* GeekWeather 3Tests.xctest */,
			);
			name = Products;
			sourceTree = "<group>";
		};
		0100D7D224CE1A8200C9F9B5 /* GeekWeather 3 */ = {
			isa = PBXGroup;
			children = (
				0169434224E24974006A7FAA /* GeekWeather 3.entitlements */,
				0146C05E24F788E600967A37 /* demo1.json */,
				01FCE337258B21E200C841C8 /* demo.json */,
				018840E7258C3DE400CED4F1 /* loader.json */,
				0100D7D324CE1A8200C9F9B5 /* AppDelegate.swift */,
				0100D7D524CE1A8200C9F9B5 /* SceneDelegate.swift */,
				0146C05924F787D000967A37 /* FeatureFlag.swift */,
				0100D7FF24CE464200C9F9B5 /* LocalizedStrings.swift */,
				0185665A24D767050035BF59 /* AccessibilityFactory.swift */,
				01B1BEF024EFA9A10081C90F /* Array+Extension.swift */,
				0153693325174D580044D108 /* GWTransition.swift */,
				01B1BEF224EFAD500081C90F /* View+Extension.swift */,
				01B1BEE924EF9F1D0081C90F /* Flipper Aniamtion */,
				0100D80924CE52AF00C9F9B5 /* Managers */,
				0100D80C24CE52E400C9F9B5 /* Controllers */,
				0100D7DC24CE1A8300C9F9B5 /* Assets.xcassets */,
				0100D7DE24CE1A8300C9F9B5 /* LaunchScreen.storyboard */,
				0100D7E124CE1A8300C9F9B5 /* Info.plist */,
			);
			path = "GeekWeather 3";
			sourceTree = "<group>";
		};
		0100D7E924CE1A8300C9F9B5 /* GeekWeather 3Tests */ = {
			isa = PBXGroup;
			children = (
				0100D7EA24CE1A8300C9F9B5 /* GeekWeather_3Tests.swift */,
				0100D7EC24CE1A8300C9F9B5 /* Info.plist */,
			);
			path = "GeekWeather 3Tests";
			sourceTree = "<group>";
		};
		0100D80924CE52AF00C9F9B5 /* Managers */ = {
			isa = PBXGroup;
			children = (
				016BB86324DA871700206C23 /* NetworkManagerDelegateManager.swift */,
				0169433C24DA887B006A7FAA /* LocationManegerDelegateManager.swift */,
				0100D80A24CE52B600C9F9B5 /* Notification Manager */,
				014D2A3D24D3F7550038623E /* Location Manager */,
			);
			path = Managers;
			sourceTree = "<group>";
		};
		0100D80A24CE52B600C9F9B5 /* Notification Manager */ = {
			isa = PBXGroup;
			children = (
				0100D80724CE4F9400C9F9B5 /* NotificationManager.swift */,
				0100D80124CE46A200C9F9B5 /* NotificationNames.swift */,
			);
			path = "Notification Manager";
			sourceTree = "<group>";
		};
		0100D80C24CE52E400C9F9B5 /* Controllers */ = {
			isa = PBXGroup;
			children = (
				0169434024E244B2006A7FAA /* BaseView.swift */,
				01E65B1F24F19D9400D8F76F /* BaseViewControllerFactory.swift */,
				0158D0292505DF0C008692DC /* SearchLocationViewController.swift */,
				0158D0302505E3ED008692DC /* SavedLocationViewController.swift */,
				01042C3424ECDFA50090B349 /* SettingsController */,
				01042C2724EC8A6A0090B349 /* Main Controller */,
				01042C2824EC8A7F0090B349 /* Levels */,
			);
			path = Controllers;
			sourceTree = "<group>";
		};
		01042C2724EC8A6A0090B349 /* Main Controller */ = {
			isa = PBXGroup;
			children = (
				01844A1524F22113000B0D52 /* Main.storyboard */,
				0100D7D724CE1A8200C9F9B5 /* MainViewController.swift */,
				018079CE258DBE5A00C88E0E /* RollableTitleView.swift */,
				018079C9258DB3B200C88E0E /* NavigationView.swift */,
				018840D8258C35C300CED4F1 /* InitialViewController.swift */,
				018840E0258C39D600CED4F1 /* LoadingView.swift */,
				011287872514801500CEC05D /* CollectionViewManager.swift */,
				0112878425147F3A00CEC05D /* MainViewCell.swift */,
			);
			path = "Main Controller";
			sourceTree = "<group>";
		};
		01042C2824EC8A7F0090B349 /* Levels */ = {
			isa = PBXGroup;
			children = (
				01844A1A24F22633000B0D52 /* LevelOne */,
				01844A1D24F22658000B0D52 /* LevelTwo */,
				01844A2024F226B9000B0D52 /* LevelThree */,
			);
			path = Levels;
			sourceTree = "<group>";
		};
		01042C3424ECDFA50090B349 /* SettingsController */ = {
			isa = PBXGroup;
			children = (
				01042C2924EC8AB00090B349 /* SettingsController.swift */,
				01B1BEB724EDBE520081C90F /* SettingManager.swift */,
				01B1BEB924EE318A0081C90F /* SettingCells */,
				01042C3524ECDFB40090B349 /* SettingItems */,
			);
			path = SettingsController;
			sourceTree = "<group>";
		};
		01042C3524ECDFB40090B349 /* SettingItems */ = {
			isa = PBXGroup;
			children = (
				01042C2E24ECDF510090B349 /* SettingItem.swift */,
				01042C3024ECDF660090B349 /* AboutSettingItem.swift */,
				01B1BEBE24EE34740081C90F /* WeatherDataInfoItem.swift */,
				01B1BEC024EE36310081C90F /* PrivacyPolicyInfoItem.swift */,
				01B1BEB324ED9B050081C90F /* DeveloperInfoItem.swift */,
				01042C3224ECDF850090B349 /* AppIconSettingItem.swift */,
				01B1BEBC24EE33320081C90F /* UnitSelectorItem.swift */,
			);
			path = SettingItems;
			sourceTree = "<group>";
		};
		014D2A3D24D3F7550038623E /* Location Manager */ = {
			isa = PBXGroup;
			children = (
				014D2A3924D3F6090038623E /* LocationManager.swift */,
				014D2A4224D3F94C0038623E /* LocationManagerAuthorizationStatus.swift */,
				014D2A3B24D3F64A0038623E /* Location.swift */,
			);
			path = "Location Manager";
			sourceTree = "<group>";
		};
		01844A1A24F22633000B0D52 /* LevelOne */ = {
			isa = PBXGroup;
			children = (
				01B1BEC324EF95920081C90F /* LevelOneViewController.swift */,
				01844A1724F2219F000B0D52 /* LevelOneViewController.xib */,
			);
			path = LevelOne;
			sourceTree = "<group>";
		};
		01844A1D24F22658000B0D52 /* LevelTwo */ = {
			isa = PBXGroup;
			children = (
				01B1BEEC24EFA0040081C90F /* LevelTwoViewController.swift */,
				01844A1B24F22646000B0D52 /* LevelTwoViewController.xib */,
				01D6C1DF24F31A2800DF375C /* LevelTwoCellView.xib */,
				01FCE33A258B272B00C841C8 /* LevelTwoCollectionViewCell.xib */,
			);
			path = LevelTwo;
			sourceTree = "<group>";
		};
		01844A2024F226B9000B0D52 /* LevelThree */ = {
			isa = PBXGroup;
			children = (
				0141EB8124F19C3F0018D09F /* LevelThreeViewController.swift */,
				01844A1E24F226B5000B0D52 /* LevelThreeViewController.xib */,
				018818CA258F23FB009EE9EE /* LevelThreeCollectionViewCell.xib */,
			);
			path = LevelThree;
			sourceTree = "<group>";
		};
		01B1BEB924EE318A0081C90F /* SettingCells */ = {
			isa = PBXGroup;
			children = (
				01042C2B24EC8FCF0090B349 /* SettingsTableViewCell.swift */,
				01B1BEBA24EE319C0081C90F /* UnitSelectorCell.swift */,
			);
			path = SettingCells;
			sourceTree = "<group>";
		};
		01B1BEE924EF9F1D0081C90F /* Flipper Aniamtion */ = {
			isa = PBXGroup;
			children = (
				01B1BEEA24EF9F700081C90F /* FlipperAnimationLayer.swift */,
				01B1BEE524EF9B2B0081C90F /* FlipperView.swift */,
				01B1BEE724EF9BB90081C90F /* FlipperStaticView.swift */,
			);
			path = "Flipper Aniamtion";
			sourceTree = "<group>";
		};
/* End PBXGroup section */

/* Begin PBXNativeTarget section */
		0100D7CF24CE1A8200C9F9B5 /* GeekWeather 3 */ = {
			isa = PBXNativeTarget;
			buildConfigurationList = 0100D7EF24CE1A8300C9F9B5 /* Build configuration list for PBXNativeTarget "GeekWeather 3" */;
			buildPhases = (
				0100D7CC24CE1A8200C9F9B5 /* Sources */,
				0100D7CD24CE1A8200C9F9B5 /* Frameworks */,
				0100D7CE24CE1A8200C9F9B5 /* Resources */,
				014D2A3624D3F2AE0038623E /* Embed Frameworks */,
			);
			buildRules = (
			);
			dependencies = (
			);
			name = "GeekWeather 3";
			packageProductDependencies = (
				0185666024D774FE0035BF59 /* GWFoundation */,
				018840DC258C391C00CED4F1 /* Lottie */,
			);
			productName = "GeekWeather 3";
			productReference = 0100D7D024CE1A8200C9F9B5 /* GeekWeather.app */;
			productType = "com.apple.product-type.application";
		};
		0100D7E524CE1A8300C9F9B5 /* GeekWeather 3Tests */ = {
			isa = PBXNativeTarget;
			buildConfigurationList = 0100D7F224CE1A8300C9F9B5 /* Build configuration list for PBXNativeTarget "GeekWeather 3Tests" */;
			buildPhases = (
				0100D7E224CE1A8300C9F9B5 /* Sources */,
				0100D7E324CE1A8300C9F9B5 /* Frameworks */,
				0100D7E424CE1A8300C9F9B5 /* Resources */,
			);
			buildRules = (
			);
			dependencies = (
				0100D7E824CE1A8300C9F9B5 /* PBXTargetDependency */,
			);
			name = "GeekWeather 3Tests";
			productName = "GeekWeather 3Tests";
			productReference = 0100D7E624CE1A8300C9F9B5 /* GeekWeather 3Tests.xctest */;
			productType = "com.apple.product-type.bundle.unit-test";
		};
/* End PBXNativeTarget section */

/* Begin PBXProject section */
		0100D7C824CE1A8100C9F9B5 /* Project object */ = {
			isa = PBXProject;
			attributes = {
				LastSwiftUpdateCheck = 1160;
				LastUpgradeCheck = 1160;
				ORGANIZATIONNAME = ByCyril;
				TargetAttributes = {
					0100D7CF24CE1A8200C9F9B5 = {
						CreatedOnToolsVersion = 11.6;
					};
					0100D7E524CE1A8300C9F9B5 = {
						CreatedOnToolsVersion = 11.6;
						TestTargetID = 0100D7CF24CE1A8200C9F9B5;
					};
				};
			};
			buildConfigurationList = 0100D7CB24CE1A8100C9F9B5 /* Build configuration list for PBXProject "GeekWeather 3" */;
			compatibilityVersion = "Xcode 9.3";
			developmentRegion = en;
			hasScannedForEncodings = 0;
			knownRegions = (
				en,
				Base,
			);
			mainGroup = 0100D7C724CE1A8100C9F9B5;
			packageReferences = (
				0185665F24D774FE0035BF59 /* XCRemoteSwiftPackageReference "GWFoundation" */,
				018840DB258C391C00CED4F1 /* XCRemoteSwiftPackageReference "lottie-ios" */,
			);
			productRefGroup = 0100D7D124CE1A8200C9F9B5 /* Products */;
			projectDirPath = "";
			projectRoot = "";
			targets = (
				0100D7CF24CE1A8200C9F9B5 /* GeekWeather 3 */,
				0100D7E524CE1A8300C9F9B5 /* GeekWeather 3Tests */,
			);
		};
/* End PBXProject section */

/* Begin PBXResourcesBuildPhase section */
		0100D7CE24CE1A8200C9F9B5 /* Resources */ = {
			isa = PBXResourcesBuildPhase;
			buildActionMask = 2147483647;
			files = (
				018818CB258F23FB009EE9EE /* LevelThreeCollectionViewCell.xib in Resources */,
				01844A1F24F226B5000B0D52 /* LevelThreeViewController.xib in Resources */,
				01844A1C24F22646000B0D52 /* LevelTwoViewController.xib in Resources */,
				018840E8258C3DE400CED4F1 /* loader.json in Resources */,
				01D6C1E024F31A2800DF375C /* LevelTwoCellView.xib in Resources */,
				01844A1824F2219F000B0D52 /* LevelOneViewController.xib in Resources */,
				0100D7E024CE1A8300C9F9B5 /* LaunchScreen.storyboard in Resources */,
				01844A1624F22113000B0D52 /* Main.storyboard in Resources */,
				01FCE33B258B272B00C841C8 /* LevelTwoCollectionViewCell.xib in Resources */,
				0100D7DD24CE1A8300C9F9B5 /* Assets.xcassets in Resources */,
				01FCE338258B21E200C841C8 /* demo.json in Resources */,
				0146C05F24F788E600967A37 /* demo1.json in Resources */,
			);
			runOnlyForDeploymentPostprocessing = 0;
		};
		0100D7E424CE1A8300C9F9B5 /* Resources */ = {
			isa = PBXResourcesBuildPhase;
			buildActionMask = 2147483647;
			files = (
			);
			runOnlyForDeploymentPostprocessing = 0;
		};
/* End PBXResourcesBuildPhase section */

/* Begin PBXSourcesBuildPhase section */
		0100D7CC24CE1A8200C9F9B5 /* Sources */ = {
			isa = PBXSourcesBuildPhase;
			buildActionMask = 2147483647;
			files = (
				01042C2C24EC8FCF0090B349 /* SettingsTableViewCell.swift in Sources */,
				01B1BEEB24EF9F700081C90F /* FlipperAnimationLayer.swift in Sources */,
				01B1BEBD24EE33320081C90F /* UnitSelectorItem.swift in Sources */,
				01B1BEC424EF95920081C90F /* LevelOneViewController.swift in Sources */,
				0100D80024CE464200C9F9B5 /* LocalizedStrings.swift in Sources */,
				01B1BEED24EFA0040081C90F /* LevelTwoViewController.swift in Sources */,
				016BB86424DA871700206C23 /* NetworkManagerDelegateManager.swift in Sources */,
				01B1BEBB24EE319C0081C90F /* UnitSelectorCell.swift in Sources */,
				01B1BEF324EFAD500081C90F /* View+Extension.swift in Sources */,
				014D2A3A24D3F6090038623E /* LocationManager.swift in Sources */,
				0146C05A24F787D000967A37 /* FeatureFlag.swift in Sources */,
				0158D02A2505DF0C008692DC /* SearchLocationViewController.swift in Sources */,
				0153693425174D580044D108 /* GWTransition.swift in Sources */,
				0169434124E244B2006A7FAA /* BaseView.swift in Sources */,
				014D2A3C24D3F64A0038623E /* Location.swift in Sources */,
				018840D9258C35C300CED4F1 /* InitialViewController.swift in Sources */,
				01B1BEB824EDBE520081C90F /* SettingManager.swift in Sources */,
				01B1BEE824EF9BB90081C90F /* FlipperStaticView.swift in Sources */,
				01042C3324ECDF850090B349 /* AppIconSettingItem.swift in Sources */,
				01B1BEE624EF9B2B0081C90F /* FlipperView.swift in Sources */,
				018079CF258DBE5A00C88E0E /* RollableTitleView.swift in Sources */,
				011287882514801500CEC05D /* CollectionViewManager.swift in Sources */,
				014D2A4324D3F94C0038623E /* LocationManagerAuthorizationStatus.swift in Sources */,
				01042C2F24ECDF510090B349 /* SettingItem.swift in Sources */,
				01E65B2024F19D9400D8F76F /* BaseViewControllerFactory.swift in Sources */,
				0158D0312505E3ED008692DC /* SavedLocationViewController.swift in Sources */,
				01B1BEB424ED9B050081C90F /* DeveloperInfoItem.swift in Sources */,
				018840E1258C39D600CED4F1 /* LoadingView.swift in Sources */,
				01B1BEF124EFA9A10081C90F /* Array+Extension.swift in Sources */,
				018079CA258DB3B200C88E0E /* NavigationView.swift in Sources */,
				0100D80824CE4F9400C9F9B5 /* NotificationManager.swift in Sources */,
				0185665B24D767050035BF59 /* AccessibilityFactory.swift in Sources */,
				0100D7D824CE1A8200C9F9B5 /* MainViewController.swift in Sources */,
				0100D7D424CE1A8200C9F9B5 /* AppDelegate.swift in Sources */,
				01042C2A24EC8AB00090B349 /* SettingsController.swift in Sources */,
				0100D80224CE46A200C9F9B5 /* NotificationNames.swift in Sources */,
				0141EB8224F19C3F0018D09F /* LevelThreeViewController.swift in Sources */,
				0100D7D624CE1A8200C9F9B5 /* SceneDelegate.swift in Sources */,
				01B1BEBF24EE34740081C90F /* WeatherDataInfoItem.swift in Sources */,
				0112878525147F3A00CEC05D /* MainViewCell.swift in Sources */,
				01042C3124ECDF660090B349 /* AboutSettingItem.swift in Sources */,
				0169433D24DA887B006A7FAA /* LocationManegerDelegateManager.swift in Sources */,
				01B1BEC124EE36310081C90F /* PrivacyPolicyInfoItem.swift in Sources */,
			);
			runOnlyForDeploymentPostprocessing = 0;
		};
		0100D7E224CE1A8300C9F9B5 /* Sources */ = {
			isa = PBXSourcesBuildPhase;
			buildActionMask = 2147483647;
			files = (
				0100D7EB24CE1A8300C9F9B5 /* GeekWeather_3Tests.swift in Sources */,
			);
			runOnlyForDeploymentPostprocessing = 0;
		};
/* End PBXSourcesBuildPhase section */

/* Begin PBXTargetDependency section */
		0100D7E824CE1A8300C9F9B5 /* PBXTargetDependency */ = {
			isa = PBXTargetDependency;
			target = 0100D7CF24CE1A8200C9F9B5 /* GeekWeather 3 */;
			targetProxy = 0100D7E724CE1A8300C9F9B5 /* PBXContainerItemProxy */;
		};
/* End PBXTargetDependency section */

/* Begin PBXVariantGroup section */
		0100D7DE24CE1A8300C9F9B5 /* LaunchScreen.storyboard */ = {
			isa = PBXVariantGroup;
			children = (
				0100D7DF24CE1A8300C9F9B5 /* Base */,
			);
			name = LaunchScreen.storyboard;
			sourceTree = "<group>";
		};
/* End PBXVariantGroup section */

/* Begin XCBuildConfiguration section */
		0100D7ED24CE1A8300C9F9B5 /* Debug */ = {
			isa = XCBuildConfiguration;
			buildSettings = {
				ALWAYS_SEARCH_USER_PATHS = NO;
				CLANG_ANALYZER_NONNULL = YES;
				CLANG_ANALYZER_NUMBER_OBJECT_CONVERSION = YES_AGGRESSIVE;
				CLANG_CXX_LANGUAGE_STANDARD = "gnu++14";
				CLANG_CXX_LIBRARY = "libc++";
				CLANG_ENABLE_MODULES = YES;
				CLANG_ENABLE_OBJC_ARC = YES;
				CLANG_ENABLE_OBJC_WEAK = YES;
				CLANG_WARN_BLOCK_CAPTURE_AUTORELEASING = YES;
				CLANG_WARN_BOOL_CONVERSION = YES;
				CLANG_WARN_COMMA = YES;
				CLANG_WARN_CONSTANT_CONVERSION = YES;
				CLANG_WARN_DEPRECATED_OBJC_IMPLEMENTATIONS = YES;
				CLANG_WARN_DIRECT_OBJC_ISA_USAGE = YES_ERROR;
				CLANG_WARN_DOCUMENTATION_COMMENTS = YES;
				CLANG_WARN_EMPTY_BODY = YES;
				CLANG_WARN_ENUM_CONVERSION = YES;
				CLANG_WARN_INFINITE_RECURSION = YES;
				CLANG_WARN_INT_CONVERSION = YES;
				CLANG_WARN_NON_LITERAL_NULL_CONVERSION = YES;
				CLANG_WARN_OBJC_IMPLICIT_RETAIN_SELF = YES;
				CLANG_WARN_OBJC_LITERAL_CONVERSION = YES;
				CLANG_WARN_OBJC_ROOT_CLASS = YES_ERROR;
				CLANG_WARN_RANGE_LOOP_ANALYSIS = YES;
				CLANG_WARN_STRICT_PROTOTYPES = YES;
				CLANG_WARN_SUSPICIOUS_MOVE = YES;
				CLANG_WARN_UNGUARDED_AVAILABILITY = YES_AGGRESSIVE;
				CLANG_WARN_UNREACHABLE_CODE = YES;
				CLANG_WARN__DUPLICATE_METHOD_MATCH = YES;
				COPY_PHASE_STRIP = NO;
				DEBUG_INFORMATION_FORMAT = dwarf;
				ENABLE_STRICT_OBJC_MSGSEND = YES;
				ENABLE_TESTABILITY = YES;
				GCC_C_LANGUAGE_STANDARD = gnu11;
				GCC_DYNAMIC_NO_PIC = NO;
				GCC_NO_COMMON_BLOCKS = YES;
				GCC_OPTIMIZATION_LEVEL = 0;
				GCC_PREPROCESSOR_DEFINITIONS = (
					"DEBUG=1",
					"$(inherited)",
				);
				GCC_WARN_64_TO_32_BIT_CONVERSION = YES;
				GCC_WARN_ABOUT_RETURN_TYPE = YES_ERROR;
				GCC_WARN_UNDECLARED_SELECTOR = YES;
				GCC_WARN_UNINITIALIZED_AUTOS = YES_AGGRESSIVE;
				GCC_WARN_UNUSED_FUNCTION = YES;
				GCC_WARN_UNUSED_VARIABLE = YES;
				IPHONEOS_DEPLOYMENT_TARGET = 13.0;
				MTL_ENABLE_DEBUG_INFO = INCLUDE_SOURCE;
				MTL_FAST_MATH = YES;
				ONLY_ACTIVE_ARCH = YES;
				SDKROOT = iphoneos;
				SWIFT_ACTIVE_COMPILATION_CONDITIONS = DEBUG;
				SWIFT_OPTIMIZATION_LEVEL = "-Onone";
			};
			name = Debug;
		};
		0100D7EE24CE1A8300C9F9B5 /* Release */ = {
			isa = XCBuildConfiguration;
			buildSettings = {
				ALWAYS_SEARCH_USER_PATHS = NO;
				CLANG_ANALYZER_NONNULL = YES;
				CLANG_ANALYZER_NUMBER_OBJECT_CONVERSION = YES_AGGRESSIVE;
				CLANG_CXX_LANGUAGE_STANDARD = "gnu++14";
				CLANG_CXX_LIBRARY = "libc++";
				CLANG_ENABLE_MODULES = YES;
				CLANG_ENABLE_OBJC_ARC = YES;
				CLANG_ENABLE_OBJC_WEAK = YES;
				CLANG_WARN_BLOCK_CAPTURE_AUTORELEASING = YES;
				CLANG_WARN_BOOL_CONVERSION = YES;
				CLANG_WARN_COMMA = YES;
				CLANG_WARN_CONSTANT_CONVERSION = YES;
				CLANG_WARN_DEPRECATED_OBJC_IMPLEMENTATIONS = YES;
				CLANG_WARN_DIRECT_OBJC_ISA_USAGE = YES_ERROR;
				CLANG_WARN_DOCUMENTATION_COMMENTS = YES;
				CLANG_WARN_EMPTY_BODY = YES;
				CLANG_WARN_ENUM_CONVERSION = YES;
				CLANG_WARN_INFINITE_RECURSION = YES;
				CLANG_WARN_INT_CONVERSION = YES;
				CLANG_WARN_NON_LITERAL_NULL_CONVERSION = YES;
				CLANG_WARN_OBJC_IMPLICIT_RETAIN_SELF = YES;
				CLANG_WARN_OBJC_LITERAL_CONVERSION = YES;
				CLANG_WARN_OBJC_ROOT_CLASS = YES_ERROR;
				CLANG_WARN_RANGE_LOOP_ANALYSIS = YES;
				CLANG_WARN_STRICT_PROTOTYPES = YES;
				CLANG_WARN_SUSPICIOUS_MOVE = YES;
				CLANG_WARN_UNGUARDED_AVAILABILITY = YES_AGGRESSIVE;
				CLANG_WARN_UNREACHABLE_CODE = YES;
				CLANG_WARN__DUPLICATE_METHOD_MATCH = YES;
				COPY_PHASE_STRIP = NO;
				DEBUG_INFORMATION_FORMAT = "dwarf-with-dsym";
				ENABLE_NS_ASSERTIONS = NO;
				ENABLE_STRICT_OBJC_MSGSEND = YES;
				GCC_C_LANGUAGE_STANDARD = gnu11;
				GCC_NO_COMMON_BLOCKS = YES;
				GCC_WARN_64_TO_32_BIT_CONVERSION = YES;
				GCC_WARN_ABOUT_RETURN_TYPE = YES_ERROR;
				GCC_WARN_UNDECLARED_SELECTOR = YES;
				GCC_WARN_UNINITIALIZED_AUTOS = YES_AGGRESSIVE;
				GCC_WARN_UNUSED_FUNCTION = YES;
				GCC_WARN_UNUSED_VARIABLE = YES;
				IPHONEOS_DEPLOYMENT_TARGET = 13.0;
				MTL_ENABLE_DEBUG_INFO = NO;
				MTL_FAST_MATH = YES;
				SDKROOT = iphoneos;
				SWIFT_COMPILATION_MODE = wholemodule;
				SWIFT_OPTIMIZATION_LEVEL = "-O";
				VALIDATE_PRODUCT = YES;
			};
			name = Release;
		};
		0100D7F024CE1A8300C9F9B5 /* Debug */ = {
			isa = XCBuildConfiguration;
			buildSettings = {
				ASSETCATALOG_COMPILER_APPICON_NAME = AppIcon;
				CODE_SIGN_ENTITLEMENTS = "GeekWeather 3/GeekWeather 3.entitlements";
				CODE_SIGN_STYLE = Automatic;
				DEVELOPMENT_TEAM = R986STKYJ7;
				INFOPLIST_FILE = "GeekWeather 3/Info.plist";
				IPHONEOS_DEPLOYMENT_TARGET = 13.0;
				"IPHONEOS_DEPLOYMENT_TARGET[sdk=macosx*]" = 14.2;
				LD_RUNPATH_SEARCH_PATHS = (
					"$(inherited)",
					"@executable_path/Frameworks",
				);
				PRODUCT_BUNDLE_IDENTIFIER = "com.ByCyril.GeekWeather-3";
				PRODUCT_NAME = GeekWeather;
				SUPPORTS_MACCATALYST = YES;
				SUPPORTS_MAC_DESIGNED_FOR_IPHONE_IPAD = NO;
				SWIFT_VERSION = 5.0;
				TARGETED_DEVICE_FAMILY = "1,2,6";
			};
			name = Debug;
		};
		0100D7F124CE1A8300C9F9B5 /* Release */ = {
			isa = XCBuildConfiguration;
			buildSettings = {
				ASSETCATALOG_COMPILER_APPICON_NAME = AppIcon;
				CODE_SIGN_ENTITLEMENTS = "GeekWeather 3/GeekWeather 3.entitlements";
				CODE_SIGN_STYLE = Automatic;
				DEVELOPMENT_TEAM = R986STKYJ7;
				INFOPLIST_FILE = "GeekWeather 3/Info.plist";
				IPHONEOS_DEPLOYMENT_TARGET = 13.0;
				"IPHONEOS_DEPLOYMENT_TARGET[sdk=macosx*]" = 14.2;
				LD_RUNPATH_SEARCH_PATHS = (
					"$(inherited)",
					"@executable_path/Frameworks",
				);
				PRODUCT_BUNDLE_IDENTIFIER = "com.ByCyril.GeekWeather-3";
				PRODUCT_NAME = GeekWeather;
				SUPPORTS_MACCATALYST = YES;
				SUPPORTS_MAC_DESIGNED_FOR_IPHONE_IPAD = NO;
				SWIFT_VERSION = 5.0;
				TARGETED_DEVICE_FAMILY = "1,2,6";
			};
			name = Release;
		};
		0100D7F324CE1A8300C9F9B5 /* Debug */ = {
			isa = XCBuildConfiguration;
			buildSettings = {
				ALWAYS_EMBED_SWIFT_STANDARD_LIBRARIES = YES;
				BUNDLE_LOADER = "$(TEST_HOST)";
				CODE_SIGN_STYLE = Automatic;
				DEVELOPMENT_TEAM = R986STKYJ7;
				INFOPLIST_FILE = "GeekWeather 3Tests/Info.plist";
				IPHONEOS_DEPLOYMENT_TARGET = 13.6;
				LD_RUNPATH_SEARCH_PATHS = (
					"$(inherited)",
					"@executable_path/Frameworks",
					"@loader_path/Frameworks",
				);
				PRODUCT_BUNDLE_IDENTIFIER = "com.ByCyril.GeekWeather-3Tests";
				PRODUCT_NAME = "$(TARGET_NAME)";
				SWIFT_VERSION = 5.0;
				TARGETED_DEVICE_FAMILY = "1,2";
				TEST_HOST = "$(BUILT_PRODUCTS_DIR)/GeekWeather 3.app/GeekWeather 3";
			};
			name = Debug;
		};
		0100D7F424CE1A8300C9F9B5 /* Release */ = {
			isa = XCBuildConfiguration;
			buildSettings = {
				ALWAYS_EMBED_SWIFT_STANDARD_LIBRARIES = YES;
				BUNDLE_LOADER = "$(TEST_HOST)";
				CODE_SIGN_STYLE = Automatic;
				DEVELOPMENT_TEAM = R986STKYJ7;
				INFOPLIST_FILE = "GeekWeather 3Tests/Info.plist";
				IPHONEOS_DEPLOYMENT_TARGET = 13.6;
				LD_RUNPATH_SEARCH_PATHS = (
					"$(inherited)",
					"@executable_path/Frameworks",
					"@loader_path/Frameworks",
				);
				PRODUCT_BUNDLE_IDENTIFIER = "com.ByCyril.GeekWeather-3Tests";
				PRODUCT_NAME = "$(TARGET_NAME)";
				SWIFT_VERSION = 5.0;
				TARGETED_DEVICE_FAMILY = "1,2";
				TEST_HOST = "$(BUILT_PRODUCTS_DIR)/GeekWeather 3.app/GeekWeather 3";
			};
			name = Release;
		};
/* End XCBuildConfiguration section */

/* Begin XCConfigurationList section */
		0100D7CB24CE1A8100C9F9B5 /* Build configuration list for PBXProject "GeekWeather 3" */ = {
			isa = XCConfigurationList;
			buildConfigurations = (
				0100D7ED24CE1A8300C9F9B5 /* Debug */,
				0100D7EE24CE1A8300C9F9B5 /* Release */,
			);
			defaultConfigurationIsVisible = 0;
			defaultConfigurationName = Release;
		};
		0100D7EF24CE1A8300C9F9B5 /* Build configuration list for PBXNativeTarget "GeekWeather 3" */ = {
			isa = XCConfigurationList;
			buildConfigurations = (
				0100D7F024CE1A8300C9F9B5 /* Debug */,
				0100D7F124CE1A8300C9F9B5 /* Release */,
			);
			defaultConfigurationIsVisible = 0;
			defaultConfigurationName = Release;
		};
		0100D7F224CE1A8300C9F9B5 /* Build configuration list for PBXNativeTarget "GeekWeather 3Tests" */ = {
			isa = XCConfigurationList;
			buildConfigurations = (
				0100D7F324CE1A8300C9F9B5 /* Debug */,
				0100D7F424CE1A8300C9F9B5 /* Release */,
			);
			defaultConfigurationIsVisible = 0;
			defaultConfigurationName = Release;
		};
/* End XCConfigurationList section */

/* Begin XCRemoteSwiftPackageReference section */
		0185665F24D774FE0035BF59 /* XCRemoteSwiftPackageReference "GWFoundation" */ = {
			isa = XCRemoteSwiftPackageReference;
			repositoryURL = "https://github.com/ByCyril/GWFoundation.git";
			requirement = {
				kind = upToNextMajorVersion;
				minimumVersion = 1.0.1;
			};
		};
		018840DB258C391C00CED4F1 /* XCRemoteSwiftPackageReference "lottie-ios" */ = {
			isa = XCRemoteSwiftPackageReference;
			repositoryURL = "https://github.com/airbnb/lottie-ios.git";
			requirement = {
				kind = upToNextMajorVersion;
				minimumVersion = 3.1.9;
			};
		};
/* End XCRemoteSwiftPackageReference section */

/* Begin XCSwiftPackageProductDependency section */
		0185666024D774FE0035BF59 /* GWFoundation */ = {
			isa = XCSwiftPackageProductDependency;
			package = 0185665F24D774FE0035BF59 /* XCRemoteSwiftPackageReference "GWFoundation" */;
			productName = GWFoundation;
		};
		018840DC258C391C00CED4F1 /* Lottie */ = {
			isa = XCSwiftPackageProductDependency;
			package = 018840DB258C391C00CED4F1 /* XCRemoteSwiftPackageReference "lottie-ios" */;
			productName = Lottie;
		};
/* End XCSwiftPackageProductDependency section */
	};
	rootObject = 0100D7C824CE1A8100C9F9B5 /* Project object */;
}
