{
  "object": {
    "pins": [
      {
        "package": "GWFoundation",
        "repositoryURL": "https://github.com/ByCyril/GWFoundation.git",
        "state": {
          "branch": null,
          "revision": "bde986b65432e1b4b7796e83aeacf8805a824536",
          "version": "1.1.4"
        }
      }
    ]
  },
  "version": 1
}
